// !$*UTF8*$!
{
	archiveVersion = 1;
	classes = {
	};
	objectVersion = 77;
	objects = {

/* Begin PBXBuildFile section */
		2BEFA7A73414E8D5CAEBC701 /* ScreenshotManager.swift in Sources */ = {isa = PBXBuildFile; fileRef = DBE12DE940128F3A5BBB102C /* ScreenshotManager.swift */; };
		40252F9F20894B5D301D497F /* ServerPresets.swift in Sources */ = {isa = PBXBuildFile; fileRef = 22AB8D515E960E09873ADB4A /* ServerPresets.swift */; };
		4933F7282ED6C8A4007F04FA /* PsychosisApp.swift in Sources */ = {isa = PBXBuildFile; fileRef = 4933F70C2ED6C8A4007F04FA /* PsychosisApp.swift */; };
		4933F7292ED6C8A4007F04FA /* EditorBarView.swift in Sources */ = {isa = PBXBuildFile; fileRef = 4933F71B2ED6C8A4007F04FA /* EditorBarView.swift */; };
		4933F72A2ED6C8A4007F04FA /* ContentView.swift in Sources */ = {isa = PBXBuildFile; fileRef = 4933F70A2ED6C8A4007F04FA /* ContentView.swift */; };
		4933F72B2ED6C8A4007F04FA /* Color+Hex.swift in Sources */ = {isa = PBXBuildFile; fileRef = 4933F70E2ED6C8A4007F04FA /* Color+Hex.swift */; };
		4933F72C2ED6C8A4007F04FA /* MainPaneView.swift in Sources */ = {isa = PBXBuildFile; fileRef = 4933F71F2ED6C8A4007F04FA /* MainPaneView.swift */; };
		4933F72D2ED6C8A4007F04FA /* APIClient.swift in Sources */ = {isa = PBXBuildFile; fileRef = 4933F7132ED6C8A4007F04FA /* APIClient.swift */; };
		4933F72E2ED6C8A4007F04FA /* RemoteServer.swift in Sources */ = {isa = PBXBuildFile; fileRef = 4933F7112ED6C8A4007F04FA /* RemoteServer.swift */; };
		4933F72F2ED6C8A4007F04FA /* FileItem.swift in Sources */ = {isa = PBXBuildFile; fileRef = 4933F7102ED6C8A4007F04FA /* FileItem.swift */; };
		4933F7302ED6C8A4007F04FA /* FileBrowserView.swift in Sources */ = {isa = PBXBuildFile; fileRef = 4933F71D2ED6C8A4007F04FA /* FileBrowserView.swift */; };
		4933F7312ED6C8A4007F04FA /* CursorChatView.swift in Sources */ = {isa = PBXBuildFile; fileRef = 4933F7172ED6C8A4007F04FA /* CursorChatView.swift */; };
		4933F7342ED6C8A4007F04FA /* EditorView.swift in Sources */ = {isa = PBXBuildFile; fileRef = 4933F7192ED6C8A4007F04FA /* EditorView.swift */; };
		4933F73C2ED6C948007F04FA /* RemoteDesktopView.swift in Sources */ = {isa = PBXBuildFile; fileRef = 4933F73A2ED6C948007F04FA /* RemoteDesktopView.swift */; };
		4933F73F2ED6C965007F04FA /* Assets.xcassets in Resources */ = {isa = PBXBuildFile; fileRef = 4933F73D2ED6C965007F04FA /* Assets.xcassets */; };
		4933F7462ED6CCD9007F04FA /* RemoteServerManager.swift in Sources */ = {isa = PBXBuildFile; fileRef = 4933F7442ED6CCD9007F04FA /* RemoteServerManager.swift */; };
		4933F7472ED6CCD9007F04FA /* ConnectionManager.swift in Sources */ = {isa = PBXBuildFile; fileRef = 4933F7432ED6CCD9007F04FA /* ConnectionManager.swift */; };
		4933F74B2ED6CCF7007F04FA /* SettingsView.swift in Sources */ = {isa = PBXBuildFile; fileRef = 4933F7492ED6CCF7007F04FA /* SettingsView.swift */; };
		4933F74C2ED6CCF7007F04FA /* AddRemoteServerView.swift in Sources */ = {isa = PBXBuildFile; fileRef = 4933F7482ED6CCF7007F04FA /* AddRemoteServerView.swift */; };
		81217341D2A8CCA9C5EB4AEF /* RecentConnectionsView.swift in Sources */ = {isa = PBXBuildFile; fileRef = 5D0C8F19E0D48507A80E7A9B /* RecentConnectionsView.swift */; };
		85E25C14382DC943192CC3BE /* ConnectionHistoryManager.swift in Sources */ = {isa = PBXBuildFile; fileRef = BC68D1A0AACB8DDE86F418EB /* ConnectionHistoryManager.swift */; };
		A30C2B8860AC056FC7DC3E31 /* RemoteDesktopToolbar.swift in Sources */ = {isa = PBXBuildFile; fileRef = 82B2E7261A58F3D8DFBEA5AE /* RemoteDesktopToolbar.swift */; };
		B55F73A16219120ECAE38821 /* WebViewWrapper.swift in Sources */ = {isa = PBXBuildFile; fileRef = 7B9F906FAED75996234BDFBB /* WebViewWrapper.swift */; };
		C8C8F1F223602EB87068878F /* VirtualKeyboardView.swift in Sources */ = {isa = PBXBuildFile; fileRef = 8E9C726FCE66A6CD826FCB58 /* VirtualKeyboardView.swift */; };
		D4296546287FEF6C253E8BA8 /* NotificationManager.swift in Sources */ = {isa = PBXBuildFile; fileRef = 41CBEF52D51F9904DF46C1DE /* NotificationManager.swift */; };
		F10CA4A7D7AF96970EC493D7 /* ServerFormView.swift in Sources */ = {isa = PBXBuildFile; fileRef = 44E82250F81F99306DA57F1F /* ServerFormView.swift */; };
		F248FAB9E39DD9194CEEEBE3 /* ConnectionQualityMonitor.swift in Sources */ = {isa = PBXBuildFile; fileRef = 8616B3B530B92CC5E042C30D /* ConnectionQualityMonitor.swift */; };
/* End PBXBuildFile section */

/* Begin PBXContainerItemProxy section */
		4958E8F92ED6C04000A11277 /* PBXContainerItemProxy */ = {
			isa = PBXContainerItemProxy;
			containerPortal = 4958E8E32ED6C03E00A11277 /* Project object */;
			proxyType = 1;
			remoteGlobalIDString = 4958E8EA2ED6C03E00A11277;
			remoteInfo = Psychosis;
		};
		4958E9032ED6C04100A11277 /* PBXContainerItemProxy */ = {
			isa = PBXContainerItemProxy;
			containerPortal = 4958E8E32ED6C03E00A11277 /* Project object */;
			proxyType = 1;
			remoteGlobalIDString = 4958E8EA2ED6C03E00A11277;
			remoteInfo = Psychosis;
		};
/* End PBXContainerItemProxy section */

/* Begin PBXFileReference section */
		22AB8D515E960E09873ADB4A /* ServerPresets.swift */ = {isa = PBXFileReference; includeInIndex = 1; lastKnownFileType = sourcecode.swift; name = ServerPresets.swift; path = "../apps/hub-ios/HubApp/Core/Services/ServerPresets.swift"; sourceTree = "<group>"; };
		41CBEF52D51F9904DF46C1DE /* NotificationManager.swift */ = {isa = PBXFileReference; includeInIndex = 1; lastKnownFileType = sourcecode.swift; name = NotificationManager.swift; path = "../apps/hub-ios/HubApp/Core/Services/NotificationManager.swift"; sourceTree = "<group>"; };
		44E82250F81F99306DA57F1F /* ServerFormView.swift */ = {isa = PBXFileReference; includeInIndex = 1; lastKnownFileType = sourcecode.swift; name = ServerFormView.swift; path = "../apps/hub-ios/HubApp/Features/MainPane/ServerFormView.swift"; sourceTree = "<group>"; };
		4933F70A2ED6C8A4007F04FA /* ContentView.swift */ = {isa = PBXFileReference; lastKnownFileType = sourcecode.swift; path = ContentView.swift; sourceTree = "<group>"; };
		4933F70B2ED6C8A4007F04FA /* HubApp.swift */ = {isa = PBXFileReference; lastKnownFileType = sourcecode.swift; path = HubApp.swift; sourceTree = "<group>"; };
		4933F70C2ED6C8A4007F04FA /* PsychosisApp.swift */ = {isa = PBXFileReference; lastKnownFileType = sourcecode.swift; path = PsychosisApp.swift; sourceTree = "<group>"; };
		4933F70E2ED6C8A4007F04FA /* Color+Hex.swift */ = {isa = PBXFileReference; lastKnownFileType = sourcecode.swift; path = "Color+Hex.swift"; sourceTree = "<group>"; };
		4933F7102ED6C8A4007F04FA /* FileItem.swift */ = {isa = PBXFileReference; lastKnownFileType = sourcecode.swift; path = FileItem.swift; sourceTree = "<group>"; };
		4933F7112ED6C8A4007F04FA /* RemoteServer.swift */ = {isa = PBXFileReference; lastKnownFileType = sourcecode.swift; path = RemoteServer.swift; sourceTree = "<group>"; };
		4933F7132ED6C8A4007F04FA /* APIClient.swift */ = {isa = PBXFileReference; lastKnownFileType = sourcecode.swift; path = APIClient.swift; sourceTree = "<group>"; };
		4933F7172ED6C8A4007F04FA /* CursorChatView.swift */ = {isa = PBXFileReference; lastKnownFileType = sourcecode.swift; path = CursorChatView.swift; sourceTree = "<group>"; };
		4933F7192ED6C8A4007F04FA /* EditorView.swift */ = {isa = PBXFileReference; lastKnownFileType = sourcecode.swift; path = EditorView.swift; sourceTree = "<group>"; };
		4933F71B2ED6C8A4007F04FA /* EditorBarView.swift */ = {isa = PBXFileReference; lastKnownFileType = sourcecode.swift; path = EditorBarView.swift; sourceTree = "<group>"; };
		4933F71D2ED6C8A4007F04FA /* FileBrowserView.swift */ = {isa = PBXFileReference; lastKnownFileType = sourcecode.swift; path = FileBrowserView.swift; sourceTree = "<group>"; };
		4933F71F2ED6C8A4007F04FA /* MainPaneView.swift */ = {isa = PBXFileReference; lastKnownFileType = sourcecode.swift; path = MainPaneView.swift; sourceTree = "<group>"; };
		4933F7212ED6C8A4007F04FA /* RemoteDesktopView.swift */ = {isa = PBXFileReference; lastKnownFileType = sourcecode.swift; path = RemoteDesktopView.swift; sourceTree = "<group>"; };
		4933F7242ED6C8A4007F04FA /* Assets.xcassets */ = {isa = PBXFileReference; lastKnownFileType = folder.assetcatalog; path = Assets.xcassets; sourceTree = "<group>"; };
		4933F7352ED6C933007F04FA /* FileItem.swift */ = {isa = PBXFileReference; lastKnownFileType = sourcecode.swift; path = FileItem.swift; sourceTree = "<group>"; };
		4933F7362ED6C933007F04FA /* RemoteServer.swift */ = {isa = PBXFileReference; lastKnownFileType = sourcecode.swift; path = RemoteServer.swift; sourceTree = "<group>"; };
		4933F73A2ED6C948007F04FA /* RemoteDesktopView.swift */ = {isa = PBXFileReference; lastKnownFileType = sourcecode.swift; path = RemoteDesktopView.swift; sourceTree = "<group>"; };
		4933F73D2ED6C965007F04FA /* Assets.xcassets */ = {isa = PBXFileReference; lastKnownFileType = folder.assetcatalog; path = Assets.xcassets; sourceTree = "<group>"; };
		4933F7432ED6CCD9007F04FA /* ConnectionManager.swift */ = {isa = PBXFileReference; lastKnownFileType = sourcecode.swift; path = ConnectionManager.swift; sourceTree = "<group>"; };
		4933F7442ED6CCD9007F04FA /* RemoteServerManager.swift */ = {isa = PBXFileReference; lastKnownFileType = sourcecode.swift; path = RemoteServerManager.swift; sourceTree = "<group>"; };
		4933F7482ED6CCF7007F04FA /* AddRemoteServerView.swift */ = {isa = PBXFileReference; lastKnownFileType = sourcecode.swift; path = AddRemoteServerView.swift; sourceTree = "<group>"; };
		4933F7492ED6CCF7007F04FA /* SettingsView.swift */ = {isa = PBXFileReference; lastKnownFileType = sourcecode.swift; path = SettingsView.swift; sourceTree = "<group>"; };
		4958E8EB2ED6C03E00A11277 /* Psychosis.app */ = {isa = PBXFileReference; explicitFileType = wrapper.application; includeInIndex = 0; path = Psychosis.app; sourceTree = BUILT_PRODUCTS_DIR; };
		4958E8F82ED6C04000A11277 /* PsychosisTests.xctest */ = {isa = PBXFileReference; explicitFileType = wrapper.cfbundle; includeInIndex = 0; path = PsychosisTests.xctest; sourceTree = BUILT_PRODUCTS_DIR; };
		4958E9022ED6C04100A11277 /* PsychosisUITests.xctest */ = {isa = PBXFileReference; explicitFileType = wrapper.cfbundle; includeInIndex = 0; path = PsychosisUITests.xctest; sourceTree = BUILT_PRODUCTS_DIR; };
		5D0C8F19E0D48507A80E7A9B /* RecentConnectionsView.swift */ = {isa = PBXFileReference; includeInIndex = 1; lastKnownFileType = sourcecode.swift; name = RecentConnectionsView.swift; path = "../apps/hub-ios/HubApp/Features/Settings/RecentConnectionsView.swift"; sourceTree = "<group>"; };
		7B9F906FAED75996234BDFBB /* WebViewWrapper.swift */ = {isa = PBXFileReference; includeInIndex = 1; lastKnownFileType = sourcecode.swift; name = WebViewWrapper.swift; path = "../apps/hub-ios/HubApp/Core/UI/WebViewWrapper.swift"; sourceTree = "<group>"; };
		82B2E7261A58F3D8DFBEA5AE /* RemoteDesktopToolbar.swift */ = {isa = PBXFileReference; includeInIndex = 1; lastKnownFileType = sourcecode.swift; name = RemoteDesktopToolbar.swift; path = "../apps/hub-ios/HubApp/Features/RemoteDesktop/RemoteDesktopToolbar.swift"; sourceTree = "<group>"; };
		8616B3B530B92CC5E042C30D /* ConnectionQualityMonitor.swift */ = {isa = PBXFileReference; includeInIndex = 1; lastKnownFileType = sourcecode.swift; name = ConnectionQualityMonitor.swift; path = "../apps/hub-ios/HubApp/Core/Services/ConnectionQualityMonitor.swift"; sourceTree = "<group>"; };
		8E9C726FCE66A6CD826FCB58 /* VirtualKeyboardView.swift */ = {isa = PBXFileReference; includeInIndex = 1; lastKnownFileType = sourcecode.swift; name = VirtualKeyboardView.swift; path = "../apps/hub-ios/HubApp/Features/RemoteDesktop/VirtualKeyboardView.swift"; sourceTree = "<group>"; };
		BC68D1A0AACB8DDE86F418EB /* ConnectionHistoryManager.swift */ = {isa = PBXFileReference; includeInIndex = 1; lastKnownFileType = sourcecode.swift; name = ConnectionHistoryManager.swift; path = "../apps/hub-ios/HubApp/Core/Services/ConnectionHistoryManager.swift"; sourceTree = "<group>"; };
		DBE12DE940128F3A5BBB102C /* ScreenshotManager.swift */ = {isa = PBXFileReference; includeInIndex = 1; lastKnownFileType = sourcecode.swift; name = ScreenshotManager.swift; path = "../apps/hub-ios/HubApp/Core/Utilities/ScreenshotManager.swift"; sourceTree = "<group>"; };
/* End PBXFileReference section */

/* Begin PBXFileSystemSynchronizedRootGroup section */
		4958E8FB2ED6C04000A11277 /* PsychosisTests */ = {
			isa = PBXFileSystemSynchronizedRootGroup;
			exceptions = (
			);
			path = PsychosisTests;
			sourceTree = "<group>";
		};
		4958E9052ED6C04100A11277 /* PsychosisUITests */ = {
			isa = PBXFileSystemSynchronizedRootGroup;
			exceptions = (
			);
			path = PsychosisUITests;
			sourceTree = "<group>";
		};
/* End PBXFileSystemSynchronizedRootGroup section */

/* Begin PBXFrameworksBuildPhase section */
		4958E8E82ED6C03E00A11277 /* Frameworks */ = {
			isa = PBXFrameworksBuildPhase;
			buildActionMask = 2147483647;
			files = (
			);
			runOnlyForDeploymentPostprocessing = 0;
		};
		4958E8F52ED6C04000A11277 /* Frameworks */ = {
			isa = PBXFrameworksBuildPhase;
			buildActionMask = 2147483647;
			files = (
			);
			runOnlyForDeploymentPostprocessing = 0;
		};
		4958E8FF2ED6C04100A11277 /* Frameworks */ = {
			isa = PBXFrameworksBuildPhase;
			buildActionMask = 2147483647;
			files = (
			);
			runOnlyForDeploymentPostprocessing = 0;
		};
/* End PBXFrameworksBuildPhase section */

/* Begin PBXGroup section */
		397FB4B9149347DEE87C82CD /* MainPane */ = {
			isa = PBXGroup;
			children = (
				44E82250F81F99306DA57F1F /* ServerFormView.swift */,
			);
			name = MainPane;
			sourceTree = "<group>";
		};
		3F939937A12A0DA1E200A46E /* Features */ = {
			isa = PBXGroup;
			children = (
				8F76C7EA0AA31BDECE1B6F41 /* RemoteDesktop */,
				4C6C2184B1E7BC6D6744D708 /* Settings */,
				397FB4B9149347DEE87C82CD /* MainPane */,
			);
			name = Features;
			sourceTree = "<group>";
		};
		4933F70D2ED6C8A4007F04FA /* App */ = {
			isa = PBXGroup;
			children = (
				4933F70A2ED6C8A4007F04FA /* ContentView.swift */,
				4933F70B2ED6C8A4007F04FA /* HubApp.swift */,
				4933F70C2ED6C8A4007F04FA /* PsychosisApp.swift */,
			);
			path = App;
			sourceTree = "<group>";
		};
		4933F70F2ED6C8A4007F04FA /* Extensions */ = {
			isa = PBXGroup;
			children = (
				4933F70E2ED6C8A4007F04FA /* Color+Hex.swift */,
			);
			path = Extensions;
			sourceTree = "<group>";
		};
		4933F7122ED6C8A4007F04FA /* Models */ = {
			isa = PBXGroup;
			children = (
				4933F7102ED6C8A4007F04FA /* FileItem.swift */,
				4933F7112ED6C8A4007F04FA /* RemoteServer.swift */,
			);
			path = Models;
			sourceTree = "<group>";
		};
		4933F7142ED6C8A4007F04FA /* Networking */ = {
			isa = PBXGroup;
			children = (
				4933F7132ED6C8A4007F04FA /* APIClient.swift */,
			);
			path = Networking;
			sourceTree = "<group>";
		};
		4933F7152ED6C8A4007F04FA /* Core */ = {
			isa = PBXGroup;
			children = (
				4933F7522ED6D10F007F04FA /* Utilities */,
				4933F7452ED6CCD9007F04FA /* Services */,
				4933F7412ED6CCBE007F04FA /* UI */,
				4933F70F2ED6C8A4007F04FA /* Extensions */,
				4933F7122ED6C8A4007F04FA /* Models */,
				4933F7142ED6C8A4007F04FA /* Networking */,
			);
			path = Core;
			sourceTree = "<group>";
		};
		4933F7162ED6C8A4007F04FA /* Chat */ = {
			isa = PBXGroup;
			children = (
			);
			path = Chat;
			sourceTree = "<group>";
		};
		4933F7182ED6C8A4007F04FA /* CursorChat */ = {
			isa = PBXGroup;
			children = (
				4933F7172ED6C8A4007F04FA /* CursorChatView.swift */,
			);
			path = CursorChat;
			sourceTree = "<group>";
		};
		4933F71A2ED6C8A4007F04FA /* Editor */ = {
			isa = PBXGroup;
			children = (
				4933F7192ED6C8A4007F04FA /* EditorView.swift */,
			);
			path = Editor;
			sourceTree = "<group>";
		};
		4933F71C2ED6C8A4007F04FA /* EditorBar */ = {
			isa = PBXGroup;
			children = (
				4933F71B2ED6C8A4007F04FA /* EditorBarView.swift */,
			);
			path = EditorBar;
			sourceTree = "<group>";
		};
		4933F71E2ED6C8A4007F04FA /* FileBrowser */ = {
			isa = PBXGroup;
			children = (
				4933F71D2ED6C8A4007F04FA /* FileBrowserView.swift */,
			);
			path = FileBrowser;
			sourceTree = "<group>";
		};
		4933F7202ED6C8A4007F04FA /* MainPane */ = {
			isa = PBXGroup;
			children = (
				4933F71F2ED6C8A4007F04FA /* MainPaneView.swift */,
			);
			path = MainPane;
			sourceTree = "<group>";
		};
		4933F7222ED6C8A4007F04FA /* RemoteDesktop */ = {
			isa = PBXGroup;
			children = (
				4933F7212ED6C8A4007F04FA /* RemoteDesktopView.swift */,
			);
			path = RemoteDesktop;
			sourceTree = "<group>";
		};
		4933F7232ED6C8A4007F04FA /* Features */ = {
			isa = PBXGroup;
			children = (
				4933F74A2ED6CCF7007F04FA /* Settings */,
				4933F7162ED6C8A4007F04FA /* Chat */,
				4933F7182ED6C8A4007F04FA /* CursorChat */,
				4933F71A2ED6C8A4007F04FA /* Editor */,
				4933F71C2ED6C8A4007F04FA /* EditorBar */,
				4933F71E2ED6C8A4007F04FA /* FileBrowser */,
				4933F7202ED6C8A4007F04FA /* MainPane */,
				4933F7222ED6C8A4007F04FA /* RemoteDesktop */,
			);
			path = Features;
			sourceTree = "<group>";
		};
		4933F7252ED6C8A4007F04FA /* Resources */ = {
			isa = PBXGroup;
			children = (
				4933F7242ED6C8A4007F04FA /* Assets.xcassets */,
			);
			path = Resources;
			sourceTree = "<group>";
		};
		4933F7262ED6C8A4007F04FA /* HubApp */ = {
			isa = PBXGroup;
			children = (
				4933F73E2ED6C965007F04FA /* Resources */,
				4933F73B2ED6C948007F04FA /* RemoteDesktop */,
				4933F7372ED6C933007F04FA /* Models */,
				4933F70D2ED6C8A4007F04FA /* App */,
				4933F7152ED6C8A4007F04FA /* Core */,
				4933F7232ED6C8A4007F04FA /* Features */,
				4933F7252ED6C8A4007F04FA /* Resources */,
			);
			name = HubApp;
			path = "../apps/hub-ios/HubApp";
			sourceTree = SOURCE_ROOT;
		};
		4933F7372ED6C933007F04FA /* Models */ = {
			isa = PBXGroup;
			children = (
				4933F7352ED6C933007F04FA /* FileItem.swift */,
				4933F7362ED6C933007F04FA /* RemoteServer.swift */,
			);
			name = Models;
			path = Core/Models;
			sourceTree = "<group>";
		};
		4933F73B2ED6C948007F04FA /* RemoteDesktop */ = {
			isa = PBXGroup;
			children = (
				4933F73A2ED6C948007F04FA /* RemoteDesktopView.swift */,
			);
			name = RemoteDesktop;
			path = Features/RemoteDesktop;
			sourceTree = "<group>";
		};
		4933F73E2ED6C965007F04FA /* Resources */ = {
			isa = PBXGroup;
			children = (
				4933F73D2ED6C965007F04FA /* Assets.xcassets */,
			);
			path = Resources;
			sourceTree = "<group>";
		};
		4933F7412ED6CCBE007F04FA /* UI */ = {
			isa = PBXGroup;
			children = (
			);
			path = UI;
			sourceTree = "<group>";
		};
		4933F7452ED6CCD9007F04FA /* Services */ = {
			isa = PBXGroup;
			children = (
				4933F7432ED6CCD9007F04FA /* ConnectionManager.swift */,
				4933F7442ED6CCD9007F04FA /* RemoteServerManager.swift */,
			);
			path = Services;
			sourceTree = "<group>";
		};
		4933F74A2ED6CCF7007F04FA /* Settings */ = {
			isa = PBXGroup;
			children = (
				4933F7482ED6CCF7007F04FA /* AddRemoteServerView.swift */,
				4933F7492ED6CCF7007F04FA /* SettingsView.swift */,
			);
			path = Settings;
			sourceTree = "<group>";
		};
		4933F7522ED6D10F007F04FA /* Utilities */ = {
			isa = PBXGroup;
			children = (
			);
			path = Utilities;
			sourceTree = "<group>";
		};
		4958E8E22ED6C03E00A11277 = {
			isa = PBXGroup;
			children = (
				4933F7262ED6C8A4007F04FA /* HubApp */,
				4958E8FB2ED6C04000A11277 /* PsychosisTests */,
				4958E9052ED6C04100A11277 /* PsychosisUITests */,
				4958E8EC2ED6C03E00A11277 /* Products */,
				BEFB14FBA2ECE7B9422F7A2A /* Core */,
				3F939937A12A0DA1E200A46E /* Features */,
			);
			sourceTree = "<group>";
		};
		4958E8EC2ED6C03E00A11277 /* Products */ = {
			isa = PBXGroup;
			children = (
				4958E8EB2ED6C03E00A11277 /* Psychosis.app */,
				4958E8F82ED6C04000A11277 /* PsychosisTests.xctest */,
				4958E9022ED6C04100A11277 /* PsychosisUITests.xctest */,
			);
			name = Products;
			sourceTree = "<group>";
		};
		4C6C2184B1E7BC6D6744D708 /* Settings */ = {
			isa = PBXGroup;
			children = (
				5D0C8F19E0D48507A80E7A9B /* RecentConnectionsView.swift */,
			);
			name = Settings;
			sourceTree = "<group>";
		};
		4F4E02DCB5B9B26E6ABF7D52 /* Utilities */ = {
			isa = PBXGroup;
			children = (
				DBE12DE940128F3A5BBB102C /* ScreenshotManager.swift */,
			);
			name = Utilities;
			sourceTree = "<group>";
		};
		5CAE7B56E9EF7AF1F947927C /* UI */ = {
			isa = PBXGroup;
			children = (
				7B9F906FAED75996234BDFBB /* WebViewWrapper.swift */,
			);
			name = UI;
			sourceTree = "<group>";
		};
		652941E1A8654DBD98AD767B /* Services */ = {
			isa = PBXGroup;
			children = (
				BC68D1A0AACB8DDE86F418EB /* ConnectionHistoryManager.swift */,
				8616B3B530B92CC5E042C30D /* ConnectionQualityMonitor.swift */,
				22AB8D515E960E09873ADB4A /* ServerPresets.swift */,
				41CBEF52D51F9904DF46C1DE /* NotificationManager.swift */,
			);
			name = Services;
			sourceTree = "<group>";
		};
		8F76C7EA0AA31BDECE1B6F41 /* RemoteDesktop */ = {
			isa = PBXGroup;
			children = (
				82B2E7261A58F3D8DFBEA5AE /* RemoteDesktopToolbar.swift */,
				8E9C726FCE66A6CD826FCB58 /* VirtualKeyboardView.swift */,
			);
			name = RemoteDesktop;
			sourceTree = "<group>";
		};
		BEFB14FBA2ECE7B9422F7A2A /* Core */ = {
			isa = PBXGroup;
			children = (
				652941E1A8654DBD98AD767B /* Services */,
				5CAE7B56E9EF7AF1F947927C /* UI */,
				4F4E02DCB5B9B26E6ABF7D52 /* Utilities */,
			);
			name = Core;
			sourceTree = "<group>";
		};
/* End PBXGroup section */

/* Begin PBXNativeTarget section */
		4958E8EA2ED6C03E00A11277 /* Psychosis */ = {
			isa = PBXNativeTarget;
			buildConfigurationList = 4958E90C2ED6C04100A11277 /* Build configuration list for PBXNativeTarget "Psychosis" */;
			buildPhases = (
				4958E8E72ED6C03E00A11277 /* Sources */,
				4958E8E82ED6C03E00A11277 /* Frameworks */,
				4958E8E92ED6C03E00A11277 /* Resources */,
			);
			buildRules = (
			);
			dependencies = (
			);
			name = Psychosis;
			productName = Psychosis;
			productReference = 4958E8EB2ED6C03E00A11277 /* Psychosis.app */;
			productType = "com.apple.product-type.application";
		};
		4958E8F72ED6C04000A11277 /* PsychosisTests */ = {
			isa = PBXNativeTarget;
			buildConfigurationList = 4958E90F2ED6C04100A11277 /* Build configuration list for PBXNativeTarget "PsychosisTests" */;
			buildPhases = (
				4958E8F42ED6C04000A11277 /* Sources */,
				4958E8F52ED6C04000A11277 /* Frameworks */,
				4958E8F62ED6C04000A11277 /* Resources */,
			);
			buildRules = (
			);
			dependencies = (
				4958E8FA2ED6C04000A11277 /* PBXTargetDependency */,
			);
			fileSystemSynchronizedGroups = (
				4958E8FB2ED6C04000A11277 /* PsychosisTests */,
			);
			name = PsychosisTests;
			productName = PsychosisTests;
			productReference = 4958E8F82ED6C04000A11277 /* PsychosisTests.xctest */;
			productType = "com.apple.product-type.bundle.unit-test";
		};
		4958E9012ED6C04100A11277 /* PsychosisUITests */ = {
			isa = PBXNativeTarget;
			buildConfigurationList = 4958E9122ED6C04100A11277 /* Build configuration list for PBXNativeTarget "PsychosisUITests" */;
			buildPhases = (
				4958E8FE2ED6C04100A11277 /* Sources */,
				4958E8FF2ED6C04100A11277 /* Frameworks */,
				4958E9002ED6C04100A11277 /* Resources */,
			);
			buildRules = (
			);
			dependencies = (
				4958E9042ED6C04100A11277 /* PBXTargetDependency */,
			);
			fileSystemSynchronizedGroups = (
				4958E9052ED6C04100A11277 /* PsychosisUITests */,
			);
			name = PsychosisUITests;
			productName = PsychosisUITests;
			productReference = 4958E9022ED6C04100A11277 /* PsychosisUITests.xctest */;
			productType = "com.apple.product-type.bundle.ui-testing";
		};
/* End PBXNativeTarget section */

/* Begin PBXProject section */
		4958E8E32ED6C03E00A11277 /* Project object */ = {
			isa = PBXProject;
			attributes = {
				BuildIndependentTargetsInParallel = 1;
				LastSwiftUpdateCheck = 1640;
				LastUpgradeCheck = 2610;
				TargetAttributes = {
					4958E8EA2ED6C03E00A11277 = {
						CreatedOnToolsVersion = 16.4;
					};
					4958E8F72ED6C04000A11277 = {
						CreatedOnToolsVersion = 16.4;
						TestTargetID = 4958E8EA2ED6C03E00A11277;
					};
					4958E9012ED6C04100A11277 = {
						CreatedOnToolsVersion = 16.4;
						TestTargetID = 4958E8EA2ED6C03E00A11277;
					};
				};
			};
			buildConfigurationList = 4958E8E62ED6C03E00A11277 /* Build configuration list for PBXProject "Psychosis" */;
			developmentRegion = en;
			hasScannedForEncodings = 0;
			knownRegions = (
				en,
				Base,
			);
			mainGroup = 4958E8E22ED6C03E00A11277;
			minimizedProjectReferenceProxies = 1;
			preferredProjectObjectVersion = 77;
			productRefGroup = 4958E8EC2ED6C03E00A11277 /* Products */;
			projectDirPath = "";
			projectRoot = "";
			targets = (
				4958E8EA2ED6C03E00A11277 /* Psychosis */,
				4958E8F72ED6C04000A11277 /* PsychosisTests */,
				4958E9012ED6C04100A11277 /* PsychosisUITests */,
			);
		};
/* End PBXProject section */

/* Begin PBXResourcesBuildPhase section */
		4958E8E92ED6C03E00A11277 /* Resources */ = {
			isa = PBXResourcesBuildPhase;
			buildActionMask = 2147483647;
			files = (
				4933F73F2ED6C965007F04FA /* Assets.xcassets in Resources */,
			);
			runOnlyForDeploymentPostprocessing = 0;
		};
		4958E8F62ED6C04000A11277 /* Resources */ = {
			isa = PBXResourcesBuildPhase;
			buildActionMask = 2147483647;
			files = (
			);
			runOnlyForDeploymentPostprocessing = 0;
		};
		4958E9002ED6C04100A11277 /* Resources */ = {
			isa = PBXResourcesBuildPhase;
			buildActionMask = 2147483647;
			files = (
			);
			runOnlyForDeploymentPostprocessing = 0;
		};
/* End PBXResourcesBuildPhase section */

/* Begin PBXSourcesBuildPhase section */
		4958E8E72ED6C03E00A11277 /* Sources */ = {
			isa = PBXSourcesBuildPhase;
			buildActionMask = 2147483647;
			files = (
				4933F7282ED6C8A4007F04FA /* PsychosisApp.swift in Sources */,
				4933F7462ED6CCD9007F04FA /* RemoteServerManager.swift in Sources */,
				4933F7472ED6CCD9007F04FA /* ConnectionManager.swift in Sources */,
				4933F74B2ED6CCF7007F04FA /* SettingsView.swift in Sources */,
				4933F74C2ED6CCF7007F04FA /* AddRemoteServerView.swift in Sources */,
				4933F7292ED6C8A4007F04FA /* EditorBarView.swift in Sources */,
				4933F72A2ED6C8A4007F04FA /* ContentView.swift in Sources */,
				4933F73C2ED6C948007F04FA /* RemoteDesktopView.swift in Sources */,
				4933F72B2ED6C8A4007F04FA /* Color+Hex.swift in Sources */,
				4933F72C2ED6C8A4007F04FA /* MainPaneView.swift in Sources */,
				4933F72D2ED6C8A4007F04FA /* APIClient.swift in Sources */,
				4933F72E2ED6C8A4007F04FA /* RemoteServer.swift in Sources */,
				4933F72F2ED6C8A4007F04FA /* FileItem.swift in Sources */,
				4933F7302ED6C8A4007F04FA /* FileBrowserView.swift in Sources */,
				4933F7312ED6C8A4007F04FA /* CursorChatView.swift in Sources */,
				4933F7342ED6C8A4007F04FA /* EditorView.swift in Sources */,
				85E25C14382DC943192CC3BE /* ConnectionHistoryManager.swift in Sources */,
				F248FAB9E39DD9194CEEEBE3 /* ConnectionQualityMonitor.swift in Sources */,
				B55F73A16219120ECAE38821 /* WebViewWrapper.swift in Sources */,
				2BEFA7A73414E8D5CAEBC701 /* ScreenshotManager.swift in Sources */,
				A30C2B8860AC056FC7DC3E31 /* RemoteDesktopToolbar.swift in Sources */,
				C8C8F1F223602EB87068878F /* VirtualKeyboardView.swift in Sources */,
				81217341D2A8CCA9C5EB4AEF /* RecentConnectionsView.swift in Sources */,
				40252F9F20894B5D301D497F /* ServerPresets.swift in Sources */,
				D4296546287FEF6C253E8BA8 /* NotificationManager.swift in Sources */,
				F10CA4A7D7AF96970EC493D7 /* ServerFormView.swift in Sources */,
			);
			runOnlyForDeploymentPostprocessing = 0;
		};
		4958E8F42ED6C04000A11277 /* Sources */ = {
			isa = PBXSourcesBuildPhase;
			buildActionMask = 2147483647;
			files = (
			);
			runOnlyForDeploymentPostprocessing = 0;
		};
		4958E8FE2ED6C04100A11277 /* Sources */ = {
			isa = PBXSourcesBuildPhase;
			buildActionMask = 2147483647;
			files = (
			);
			runOnlyForDeploymentPostprocessing = 0;
		};
/* End PBXSourcesBuildPhase section */

/* Begin PBXTargetDependency section */
		4958E8FA2ED6C04000A11277 /* PBXTargetDependency */ = {
			isa = PBXTargetDependency;
			target = 4958E8EA2ED6C03E00A11277 /* Psychosis */;
			targetProxy = 4958E8F92ED6C04000A11277 /* PBXContainerItemProxy */;
		};
		4958E9042ED6C04100A11277 /* PBXTargetDependency */ = {
			isa = PBXTargetDependency;
			target = 4958E8EA2ED6C03E00A11277 /* Psychosis */;
			targetProxy = 4958E9032ED6C04100A11277 /* PBXContainerItemProxy */;
		};
/* End PBXTargetDependency section */

/* Begin XCBuildConfiguration section */
		4958E90A2ED6C04100A11277 /* Debug */ = {
			isa = XCBuildConfiguration;
			buildSettings = {
				ALWAYS_SEARCH_USER_PATHS = NO;
				ASSETCATALOG_COMPILER_GENERATE_SWIFT_ASSET_SYMBOL_EXTENSIONS = YES;
				CLANG_ANALYZER_NONNULL = YES;
				CLANG_ANALYZER_NUMBER_OBJECT_CONVERSION = YES_AGGRESSIVE;
				CLANG_CXX_LANGUAGE_STANDARD = "gnu++20";
				CLANG_ENABLE_MODULES = YES;
				CLANG_ENABLE_OBJC_ARC = YES;
				CLANG_ENABLE_OBJC_WEAK = YES;
				CLANG_WARN_BLOCK_CAPTURE_AUTORELEASING = YES;
				CLANG_WARN_BOOL_CONVERSION = YES;
				CLANG_WARN_COMMA = YES;
				CLANG_WARN_CONSTANT_CONVERSION = YES;
				CLANG_WARN_DEPRECATED_OBJC_IMPLEMENTATIONS = YES;
				CLANG_WARN_DIRECT_OBJC_ISA_USAGE = YES_ERROR;
				CLANG_WARN_DOCUMENTATION_COMMENTS = YES;
				CLANG_WARN_EMPTY_BODY = YES;
				CLANG_WARN_ENUM_CONVERSION = YES;
				CLANG_WARN_INFINITE_RECURSION = YES;
				CLANG_WARN_INT_CONVERSION = YES;
				CLANG_WARN_NON_LITERAL_NULL_CONVERSION = YES;
				CLANG_WARN_OBJC_IMPLICIT_RETAIN_SELF = YES;
				CLANG_WARN_OBJC_LITERAL_CONVERSION = YES;
				CLANG_WARN_OBJC_ROOT_CLASS = YES_ERROR;
				CLANG_WARN_QUOTED_INCLUDE_IN_FRAMEWORK_HEADER = YES;
				CLANG_WARN_RANGE_LOOP_ANALYSIS = YES;
				CLANG_WARN_STRICT_PROTOTYPES = YES;
				CLANG_WARN_SUSPICIOUS_MOVE = YES;
				CLANG_WARN_UNGUARDED_AVAILABILITY = YES_AGGRESSIVE;
				CLANG_WARN_UNREACHABLE_CODE = YES;
				CLANG_WARN__DUPLICATE_METHOD_MATCH = YES;
				COPY_PHASE_STRIP = NO;
				DEBUG_INFORMATION_FORMAT = dwarf;
				DEVELOPMENT_TEAM = FH4FKB9AUS;
				ENABLE_STRICT_OBJC_MSGSEND = YES;
				ENABLE_TESTABILITY = YES;
				ENABLE_USER_SCRIPT_SANDBOXING = YES;
				GCC_C_LANGUAGE_STANDARD = gnu17;
				GCC_DYNAMIC_NO_PIC = NO;
				GCC_NO_COMMON_BLOCKS = YES;
				GCC_OPTIMIZATION_LEVEL = 0;
				GCC_PREPROCESSOR_DEFINITIONS = (
					"DEBUG=1",
					"$(inherited)",
				);
				GCC_WARN_64_TO_32_BIT_CONVERSION = YES;
				GCC_WARN_ABOUT_RETURN_TYPE = YES_ERROR;
				GCC_WARN_UNDECLARED_SELECTOR = YES;
				GCC_WARN_UNINITIALIZED_AUTOS = YES_AGGRESSIVE;
				GCC_WARN_UNUSED_FUNCTION = YES;
				GCC_WARN_UNUSED_VARIABLE = YES;
				IPHONEOS_DEPLOYMENT_TARGET = 18.5;
				LOCALIZATION_PREFERS_STRING_CATALOGS = YES;
				MTL_ENABLE_DEBUG_INFO = INCLUDE_SOURCE;
				MTL_FAST_MATH = YES;
				ONLY_ACTIVE_ARCH = YES;
				SDKROOT = iphoneos;
				STRING_CATALOG_GENERATE_SYMBOLS = YES;
				SWIFT_ACTIVE_COMPILATION_CONDITIONS = "DEBUG $(inherited)";
				SWIFT_OPTIMIZATION_LEVEL = "-Onone";
			};
			name = Debug;
		};
		4958E90B2ED6C04100A11277 /* Release */ = {
			isa = XCBuildConfiguration;
			buildSettings = {
				ALWAYS_SEARCH_USER_PATHS = NO;
				ASSETCATALOG_COMPILER_GENERATE_SWIFT_ASSET_SYMBOL_EXTENSIONS = YES;
				CLANG_ANALYZER_NONNULL = YES;
				CLANG_ANALYZER_NUMBER_OBJECT_CONVERSION = YES_AGGRESSIVE;
				CLANG_CXX_LANGUAGE_STANDARD = "gnu++20";
				CLANG_ENABLE_MODULES = YES;
				CLANG_ENABLE_OBJC_ARC = YES;
				CLANG_ENABLE_OBJC_WEAK = YES;
				CLANG_WARN_BLOCK_CAPTURE_AUTORELEASING = YES;
				CLANG_WARN_BOOL_CONVERSION = YES;
				CLANG_WARN_COMMA = YES;
				CLANG_WARN_CONSTANT_CONVERSION = YES;
				CLANG_WARN_DEPRECATED_OBJC_IMPLEMENTATIONS = YES;
				CLANG_WARN_DIRECT_OBJC_ISA_USAGE = YES_ERROR;
				CLANG_WARN_DOCUMENTATION_COMMENTS = YES;
				CLANG_WARN_EMPTY_BODY = YES;
				CLANG_WARN_ENUM_CONVERSION = YES;
				CLANG_WARN_INFINITE_RECURSION = YES;
				CLANG_WARN_INT_CONVERSION = YES;
				CLANG_WARN_NON_LITERAL_NULL_CONVERSION = YES;
				CLANG_WARN_OBJC_IMPLICIT_RETAIN_SELF = YES;
				CLANG_WARN_OBJC_LITERAL_CONVERSION = YES;
				CLANG_WARN_OBJC_ROOT_CLASS = YES_ERROR;
				CLANG_WARN_QUOTED_INCLUDE_IN_FRAMEWORK_HEADER = YES;
				CLANG_WARN_RANGE_LOOP_ANALYSIS = YES;
				CLANG_WARN_STRICT_PROTOTYPES = YES;
				CLANG_WARN_SUSPICIOUS_MOVE = YES;
				CLANG_WARN_UNGUARDED_AVAILABILITY = YES_AGGRESSIVE;
				CLANG_WARN_UNREACHABLE_CODE = YES;
				CLANG_WARN__DUPLICATE_METHOD_MATCH = YES;
				COPY_PHASE_STRIP = NO;
				DEBUG_INFORMATION_FORMAT = "dwarf-with-dsym";
				DEVELOPMENT_TEAM = FH4FKB9AUS;
				ENABLE_NS_ASSERTIONS = NO;
				ENABLE_STRICT_OBJC_MSGSEND = YES;
				ENABLE_USER_SCRIPT_SANDBOXING = YES;
				GCC_C_LANGUAGE_STANDARD = gnu17;
				GCC_NO_COMMON_BLOCKS = YES;
				GCC_WARN_64_TO_32_BIT_CONVERSION = YES;
				GCC_WARN_ABOUT_RETURN_TYPE = YES_ERROR;
				GCC_WARN_UNDECLARED_SELECTOR = YES;
				GCC_WARN_UNINITIALIZED_AUTOS = YES_AGGRESSIVE;
				GCC_WARN_UNUSED_FUNCTION = YES;
				GCC_WARN_UNUSED_VARIABLE = YES;
				IPHONEOS_DEPLOYMENT_TARGET = 18.5;
				LOCALIZATION_PREFERS_STRING_CATALOGS = YES;
				MTL_ENABLE_DEBUG_INFO = NO;
				MTL_FAST_MATH = YES;
				SDKROOT = iphoneos;
				STRING_CATALOG_GENERATE_SYMBOLS = YES;
				SWIFT_COMPILATION_MODE = wholemodule;
				VALIDATE_PRODUCT = YES;
			};
			name = Release;
		};
		4958E90D2ED6C04100A11277 /* Debug */ = {
			isa = XCBuildConfiguration;
			buildSettings = {
				ASSETCATALOG_COMPILER_APPICON_NAME = AppIcon;
				ASSETCATALOG_COMPILER_GLOBAL_ACCENT_COLOR_NAME = AccentColor;
				CODE_SIGN_STYLE = Automatic;
				CURRENT_PROJECT_VERSION = 1;
				DEVELOPMENT_TEAM = FH4FKB9AUS;
				ENABLE_PREVIEWS = YES;
				GENERATE_INFOPLIST_FILE = YES;
				INFOPLIST_KEY_UIApplicationSceneManifest_Generation = YES;
				INFOPLIST_KEY_UIApplicationSupportsIndirectInputEvents = YES;
				INFOPLIST_KEY_UILaunchScreen_Generation = YES;
				INFOPLIST_KEY_UISupportedInterfaceOrientations_iPad = "UIInterfaceOrientationPortrait UIInterfaceOrientationPortraitUpsideDown UIInterfaceOrientationLandscapeLeft UIInterfaceOrientationLandscapeRight";
				INFOPLIST_KEY_UISupportedInterfaceOrientations_iPhone = "UIInterfaceOrientationPortrait UIInterfaceOrientationLandscapeLeft UIInterfaceOrientationLandscapeRight";
				IPHONEOS_DEPLOYMENT_TARGET = 17.6;
				LD_RUNPATH_SEARCH_PATHS = (
					"$(inherited)",
					"@executable_path/Frameworks",
				);
				MARKETING_VERSION = 1.0;
				PRODUCT_BUNDLE_IDENTIFIER = "FS-Tech.Psychosis";
				PRODUCT_NAME = "$(TARGET_NAME)";
				SWIFT_EMIT_LOC_STRINGS = YES;
				SWIFT_VERSION = 5.0;
				TARGETED_DEVICE_FAMILY = "1,2";
			};
			name = Debug;
		};
		4958E90E2ED6C04100A11277 /* Release */ = {
			isa = XCBuildConfiguration;
			buildSettings = {
				ASSETCATALOG_COMPILER_APPICON_NAME = AppIcon;
				ASSETCATALOG_COMPILER_GLOBAL_ACCENT_COLOR_NAME = AccentColor;
				CODE_SIGN_STYLE = Automatic;
				CURRENT_PROJECT_VERSION = 1;
				DEVELOPMENT_TEAM = FH4FKB9AUS;
				ENABLE_PREVIEWS = YES;
				GENERATE_INFOPLIST_FILE = YES;
				INFOPLIST_KEY_UIApplicationSceneManifest_Generation = YES;
				INFOPLIST_KEY_UIApplicationSupportsIndirectInputEvents = YES;
				INFOPLIST_KEY_UILaunchScreen_Generation = YES;
				INFOPLIST_KEY_UISupportedInterfaceOrientations_iPad = "UIInterfaceOrientationPortrait UIInterfaceOrientationPortraitUpsideDown UIInterfaceOrientationLandscapeLeft UIInterfaceOrientationLandscapeRight";
				INFOPLIST_KEY_UISupportedInterfaceOrientations_iPhone = "UIInterfaceOrientationPortrait UIInterfaceOrientationLandscapeLeft UIInterfaceOrientationLandscapeRight";
				IPHONEOS_DEPLOYMENT_TARGET = 17.6;
				LD_RUNPATH_SEARCH_PATHS = (
					"$(inherited)",
					"@executable_path/Frameworks",
				);
				MARKETING_VERSION = 1.0;
				PRODUCT_BUNDLE_IDENTIFIER = "FS-Tech.Psychosis";
				PRODUCT_NAME = "$(TARGET_NAME)";
				SWIFT_EMIT_LOC_STRINGS = YES;
				SWIFT_VERSION = 5.0;
				TARGETED_DEVICE_FAMILY = "1,2";
			};
			name = Release;
		};
		4958E9102ED6C04100A11277 /* Debug */ = {
			isa = XCBuildConfiguration;
			buildSettings = {
				BUNDLE_LOADER = "$(TEST_HOST)";
				CODE_SIGN_STYLE = Automatic;
				CURRENT_PROJECT_VERSION = 1;
				DEVELOPMENT_TEAM = FH4FKB9AUS;
				GENERATE_INFOPLIST_FILE = YES;
				IPHONEOS_DEPLOYMENT_TARGET = 18.5;
				MARKETING_VERSION = 1.0;
				PRODUCT_BUNDLE_IDENTIFIER = "FS-Tech.PsychosisTests";
				PRODUCT_NAME = "$(TARGET_NAME)";
				SWIFT_EMIT_LOC_STRINGS = NO;
				SWIFT_VERSION = 5.0;
				TARGETED_DEVICE_FAMILY = "1,2";
				TEST_HOST = "$(BUILT_PRODUCTS_DIR)/Psychosis.app/$(BUNDLE_EXECUTABLE_FOLDER_PATH)/Psychosis";
			};
			name = Debug;
		};
		4958E9112ED6C04100A11277 /* Release */ = {
			isa = XCBuildConfiguration;
			buildSettings = {
				BUNDLE_LOADER = "$(TEST_HOST)";
				CODE_SIGN_STYLE = Automatic;
				CURRENT_PROJECT_VERSION = 1;
				DEVELOPMENT_TEAM = FH4FKB9AUS;
				GENERATE_INFOPLIST_FILE = YES;
				IPHONEOS_DEPLOYMENT_TARGET = 18.5;
				MARKETING_VERSION = 1.0;
				PRODUCT_BUNDLE_IDENTIFIER = "FS-Tech.PsychosisTests";
				PRODUCT_NAME = "$(TARGET_NAME)";
				SWIFT_EMIT_LOC_STRINGS = NO;
				SWIFT_VERSION = 5.0;
				TARGETED_DEVICE_FAMILY = "1,2";
				TEST_HOST = "$(BUILT_PRODUCTS_DIR)/Psychosis.app/$(BUNDLE_EXECUTABLE_FOLDER_PATH)/Psychosis";
			};
			name = Release;
		};
		4958E9132ED6C04100A11277 /* Debug */ = {
			isa = XCBuildConfiguration;
			buildSettings = {
				CODE_SIGN_STYLE = Automatic;
				CURRENT_PROJECT_VERSION = 1;
				DEVELOPMENT_TEAM = FH4FKB9AUS;
				GENERATE_INFOPLIST_FILE = YES;
				MARKETING_VERSION = 1.0;
				PRODUCT_BUNDLE_IDENTIFIER = "FS-Tech.PsychosisUITests";
				PRODUCT_NAME = "$(TARGET_NAME)";
				SWIFT_EMIT_LOC_STRINGS = NO;
				SWIFT_VERSION = 5.0;
				TARGETED_DEVICE_FAMILY = "1,2";
				TEST_TARGET_NAME = Psychosis;
			};
			name = Debug;
		};
		4958E9142ED6C04100A11277 /* Release */ = {
			isa = XCBuildConfiguration;
			buildSettings = {
				CODE_SIGN_STYLE = Automatic;
				CURRENT_PROJECT_VERSION = 1;
				DEVELOPMENT_TEAM = FH4FKB9AUS;
				GENERATE_INFOPLIST_FILE = YES;
				MARKETING_VERSION = 1.0;
				PRODUCT_BUNDLE_IDENTIFIER = "FS-Tech.PsychosisUITests";
				PRODUCT_NAME = "$(TARGET_NAME)";
				SWIFT_EMIT_LOC_STRINGS = NO;
				SWIFT_VERSION = 5.0;
				TARGETED_DEVICE_FAMILY = "1,2";
				TEST_TARGET_NAME = Psychosis;
			};
			name = Release;
		};
/* End XCBuildConfiguration section */

/* Begin XCConfigurationList section */
		4958E8E62ED6C03E00A11277 /* Build configuration list for PBXProject "Psychosis" */ = {
			isa = XCConfigurationList;
			buildConfigurations = (
				4958E90A2ED6C04100A11277 /* Debug */,
				4958E90B2ED6C04100A11277 /* Release */,
			);
			defaultConfigurationIsVisible = 0;
			defaultConfigurationName = Release;
		};
		4958E90C2ED6C04100A11277 /* Build configuration list for PBXNativeTarget "Psychosis" */ = {
			isa = XCConfigurationList;
			buildConfigurations = (
				4958E90D2ED6C04100A11277 /* Debug */,
				4958E90E2ED6C04100A11277 /* Release */,
			);
			defaultConfigurationIsVisible = 0;
			defaultConfigurationName = Release;
		};
		4958E90F2ED6C04100A11277 /* Build configuration list for PBXNativeTarget "PsychosisTests" */ = {
			isa = XCConfigurationList;
			buildConfigurations = (
				4958E9102ED6C04100A11277 /* Debug */,
				4958E9112ED6C04100A11277 /* Release */,
			);
			defaultConfigurationIsVisible = 0;
			defaultConfigurationName = Release;
		};
		4958E9122ED6C04100A11277 /* Build configuration list for PBXNativeTarget "PsychosisUITests" */ = {
			isa = XCConfigurationList;
			buildConfigurations = (
				4958E9132ED6C04100A11277 /* Debug */,
				4958E9142ED6C04100A11277 /* Release */,
			);
			defaultConfigurationIsVisible = 0;
			defaultConfigurationName = Release;
		};
/* End XCConfigurationList section */
	};
	rootObject = 4958E8E32ED6C03E00A11277 /* Project object */;
}
