// !$*UTF8*$!
{
	archiveVersion = 1;
	classes = {
	};
	objectVersion = 77;
	objects = {

/* Begin PBXBuildFile section */
		4958E72E2ED6AD4100A11277 /* APIClient.swift in Sources */ = {isa = PBXBuildFile; fileRef = 4958E72D2ED6AD4000A11277 /* APIClient.swift */; };
		4958E7302ED6AD5900A11277 /* StorageManager.swift in Sources */ = {isa = PBXBuildFile; fileRef = 4958E72F2ED6AD5900A11277 /* StorageManager.swift */; };
		4958E7322ED6AD7B00A11277 /* Constants.swift in Sources */ = {isa = PBXBuildFile; fileRef = 4958E7312ED6AD7B00A11277 /* Constants.swift */; };
		4958E7342ED6AD9500A11277 /* AppTheme.swift in Sources */ = {isa = PBXBuildFile; fileRef = 4958E7332ED6AD9500A11277 /* AppTheme.swift */; };
		4958E8602ED6B66F00A11277 /* HomeView.swift in Sources */ = {isa = PBXBuildFile; fileRef = 4958E83C2ED6B66F00A11277 /* HomeView.swift */; };
		4958E8612ED6B66F00A11277 /* SearchView.swift in Sources */ = {isa = PBXBuildFile; fileRef = 4958E8532ED6B66F00A11277 /* SearchView.swift */; };
		4958E8622ED6B66F00A11277 /* SettingsViewModel.swift in Sources */ = {isa = PBXBuildFile; fileRef = 4958E8582ED6B66F00A11277 /* SettingsViewModel.swift */; };
		4958E8632ED6B66F00A11277 /* SearchViewModel.swift in Sources */ = {isa = PBXBuildFile; fileRef = 4958E8512ED6B66F00A11277 /* SearchViewModel.swift */; };
		4958E8642ED6B66F00A11277 /* NotificationsView.swift in Sources */ = {isa = PBXBuildFile; fileRef = 4958E8452ED6B66F00A11277 /* NotificationsView.swift */; };
		4958E8652ED6B66F00A11277 /* ProfileView.swift in Sources */ = {isa = PBXBuildFile; fileRef = 4958E84C2ED6B66F00A11277 /* ProfileView.swift */; };
		4958E8662ED6B66F00A11277 /* HomeViewModel.swift in Sources */ = {isa = PBXBuildFile; fileRef = 4958E83A2ED6B66F00A11277 /* HomeViewModel.swift */; };
		4958E8672ED6B66F00A11277 /* FavoritesViewModel.swift in Sources */ = {isa = PBXBuildFile; fileRef = 4958E82B2ED6B66F00A11277 /* FavoritesViewModel.swift */; };
		4958E8682ED6B66F00A11277 /* DetailView.swift in Sources */ = {isa = PBXBuildFile; fileRef = 4958E8262ED6B66F00A11277 /* DetailView.swift */; };
		4958E8692ED6B66F00A11277 /* SearchResult.swift in Sources */ = {isa = PBXBuildFile; fileRef = 4958E84F2ED6B66F00A11277 /* SearchResult.swift */; };
		4958E86A2ED6B66F00A11277 /* FavoritesView.swift in Sources */ = {isa = PBXBuildFile; fileRef = 4958E82D2ED6B66F00A11277 /* FavoritesView.swift */; };
		4958E86B2ED6B66F00A11277 /* HistoryItem.swift in Sources */ = {isa = PBXBuildFile; fileRef = 4958E8302ED6B66F00A11277 /* HistoryItem.swift */; };
		4958E86C2ED6B66F00A11277 /* UserProfile.swift in Sources */ = {isa = PBXBuildFile; fileRef = 4958E8482ED6B66F00A11277 /* UserProfile.swift */; };
		4958E86D2ED6B66F00A11277 /* HomeItem.swift in Sources */ = {isa = PBXBuildFile; fileRef = 4958E8372ED6B66F00A11277 /* HomeItem.swift */; };
		4958E86E2ED6B66F00A11277 /* SettingsView.swift in Sources */ = {isa = PBXBuildFile; fileRef = 4958E85A2ED6B66F00A11277 /* SettingsView.swift */; };
		4958E86F2ED6B66F00A11277 /* FavoriteItem.swift in Sources */ = {isa = PBXBuildFile; fileRef = 4958E8292ED6B66F00A11277 /* FavoriteItem.swift */; };
		4958E8702ED6B66F00A11277 /* SettingsOption.swift in Sources */ = {isa = PBXBuildFile; fileRef = 4958E8562ED6B66F00A11277 /* SettingsOption.swift */; };
		4958E8712ED6B66F00A11277 /* HistoryViewModel.swift in Sources */ = {isa = PBXBuildFile; fileRef = 4958E8322ED6B66F00A11277 /* HistoryViewModel.swift */; };
		4958E8722ED6B66F00A11277 /* MainTabView.swift in Sources */ = {isa = PBXBuildFile; fileRef = 4958E83D2ED6B66F00A11277 /* MainTabView.swift */; };
		4958E8732ED6B66F00A11277 /* ProfileViewModel.swift in Sources */ = {isa = PBXBuildFile; fileRef = 4958E84A2ED6B66F00A11277 /* ProfileViewModel.swift */; };
		4958E8742ED6B66F00A11277 /* DetailItem.swift in Sources */ = {isa = PBXBuildFile; fileRef = 4958E8222ED6B66F00A11277 /* DetailItem.swift */; };
		4958E8752ED6B66F00A11277 /* HistoryView.swift in Sources */ = {isa = PBXBuildFile; fileRef = 4958E8342ED6B66F00A11277 /* HistoryView.swift */; };
		4958E8762ED6B66F00A11277 /* NotificationItem.swift in Sources */ = {isa = PBXBuildFile; fileRef = 4958E8412ED6B66F00A11277 /* NotificationItem.swift */; };
		4958E8772ED6B66F00A11277 /* NotificationsViewModel.swift in Sources */ = {isa = PBXBuildFile; fileRef = 4958E8432ED6B66F00A11277 /* NotificationsViewModel.swift */; };
		4958E8782ED6B66F00A11277 /* DetailViewModel.swift in Sources */ = {isa = PBXBuildFile; fileRef = 4958E8242ED6B66F00A11277 /* DetailViewModel.swift */; };
		4958E8792ED6B66F00A11277 /* .gitkeep in Resources */ = {isa = PBXBuildFile; fileRef = 4958E85D2ED6B66F00A11277 /* .gitkeep */; };
/* End PBXBuildFile section */

/* Begin PBXContainerItemProxy section */
		4958E7112ED6AA4200A11277 /* PBXContainerItemProxy */ = {
			isa = PBXContainerItemProxy;
			containerPortal = 4958E6FB2ED6AA3F00A11277 /* Project object */;
			proxyType = 1;
			remoteGlobalIDString = 4958E7022ED6AA3F00A11277;
			remoteInfo = Psychosis;
		};
		4958E71B2ED6AA4200A11277 /* PBXContainerItemProxy */ = {
			isa = PBXContainerItemProxy;
			containerPortal = 4958E6FB2ED6AA3F00A11277 /* Project object */;
			proxyType = 1;
			remoteGlobalIDString = 4958E7022ED6AA3F00A11277;
			remoteInfo = Psychosis;
		};
/* End PBXContainerItemProxy section */

/* Begin PBXFileReference section */
		4958E7032ED6AA3F00A11277 /* Psychosis.app */ = {isa = PBXFileReference; explicitFileType = wrapper.application; includeInIndex = 0; path = Psychosis.app; sourceTree = BUILT_PRODUCTS_DIR; };
		4958E7102ED6AA4200A11277 /* PsychosisTests.xctest */ = {isa = PBXFileReference; explicitFileType = wrapper.cfbundle; includeInIndex = 0; path = PsychosisTests.xctest; sourceTree = BUILT_PRODUCTS_DIR; };
		4958E71A2ED6AA4200A11277 /* PsychosisUITests.xctest */ = {isa = PBXFileReference; explicitFileType = wrapper.cfbundle; includeInIndex = 0; path = PsychosisUITests.xctest; sourceTree = BUILT_PRODUCTS_DIR; };
		4958E72D2ED6AD4000A11277 /* APIClient.swift */ = {isa = PBXFileReference; lastKnownFileType = sourcecode.swift; name = APIClient.swift; path = Core/Networking/APIClient.swift; sourceTree = "<group>"; };
		4958E72F2ED6AD5900A11277 /* StorageManager.swift */ = {isa = PBXFileReference; lastKnownFileType = sourcecode.swift; name = StorageManager.swift; path = Core/Storage/StorageManager.swift; sourceTree = "<group>"; };
		4958E7312ED6AD7B00A11277 /* Constants.swift */ = {isa = PBXFileReference; lastKnownFileType = sourcecode.swift; name = Constants.swift; path = Core/Utilities/Constants.swift; sourceTree = "<group>"; };
		4958E7332ED6AD9500A11277 /* AppTheme.swift */ = {isa = PBXFileReference; lastKnownFileType = sourcecode.swift; name = AppTheme.swift; path = Core/UI/Themes/AppTheme.swift; sourceTree = "<group>"; };
		4958E8222ED6B66F00A11277 /* DetailItem.swift */ = {isa = PBXFileReference; lastKnownFileType = sourcecode.swift; path = DetailItem.swift; sourceTree = "<group>"; };
		4958E8242ED6B66F00A11277 /* DetailViewModel.swift */ = {isa = PBXFileReference; lastKnownFileType = sourcecode.swift; path = DetailViewModel.swift; sourceTree = "<group>"; };
		4958E8262ED6B66F00A11277 /* DetailView.swift */ = {isa = PBXFileReference; lastKnownFileType = sourcecode.swift; path = DetailView.swift; sourceTree = "<group>"; };
		4958E8292ED6B66F00A11277 /* FavoriteItem.swift */ = {isa = PBXFileReference; lastKnownFileType = sourcecode.swift; path = FavoriteItem.swift; sourceTree = "<group>"; };
		4958E82B2ED6B66F00A11277 /* FavoritesViewModel.swift */ = {isa = PBXFileReference; lastKnownFileType = sourcecode.swift; path = FavoritesViewModel.swift; sourceTree = "<group>"; };
		4958E82D2ED6B66F00A11277 /* FavoritesView.swift */ = {isa = PBXFileReference; lastKnownFileType = sourcecode.swift; path = FavoritesView.swift; sourceTree = "<group>"; };
		4958E8302ED6B66F00A11277 /* HistoryItem.swift */ = {isa = PBXFileReference; lastKnownFileType = sourcecode.swift; path = HistoryItem.swift; sourceTree = "<group>"; };
		4958E8322ED6B66F00A11277 /* HistoryViewModel.swift */ = {isa = PBXFileReference; lastKnownFileType = sourcecode.swift; path = HistoryViewModel.swift; sourceTree = "<group>"; };
		4958E8342ED6B66F00A11277 /* HistoryView.swift */ = {isa = PBXFileReference; lastKnownFileType = sourcecode.swift; path = HistoryView.swift; sourceTree = "<group>"; };
		4958E8372ED6B66F00A11277 /* HomeItem.swift */ = {isa = PBXFileReference; lastKnownFileType = sourcecode.swift; path = HomeItem.swift; sourceTree = "<group>"; };
		4958E83A2ED6B66F00A11277 /* HomeViewModel.swift */ = {isa = PBXFileReference; lastKnownFileType = sourcecode.swift; path = HomeViewModel.swift; sourceTree = "<group>"; };
		4958E83C2ED6B66F00A11277 /* HomeView.swift */ = {isa = PBXFileReference; lastKnownFileType = sourcecode.swift; path = HomeView.swift; sourceTree = "<group>"; };
		4958E83D2ED6B66F00A11277 /* MainTabView.swift */ = {isa = PBXFileReference; lastKnownFileType = sourcecode.swift; path = MainTabView.swift; sourceTree = "<group>"; };
		4958E83F2ED6B66F00A11277 /* README.md */ = {isa = PBXFileReference; lastKnownFileType = net.daringfireball.markdown; path = README.md; sourceTree = "<group>"; };
		4958E8412ED6B66F00A11277 /* NotificationItem.swift */ = {isa = PBXFileReference; lastKnownFileType = sourcecode.swift; path = NotificationItem.swift; sourceTree = "<group>"; };
		4958E8432ED6B66F00A11277 /* NotificationsViewModel.swift */ = {isa = PBXFileReference; lastKnownFileType = sourcecode.swift; path = NotificationsViewModel.swift; sourceTree = "<group>"; };
		4958E8452ED6B66F00A11277 /* NotificationsView.swift */ = {isa = PBXFileReference; lastKnownFileType = sourcecode.swift; path = NotificationsView.swift; sourceTree = "<group>"; };
		4958E8482ED6B66F00A11277 /* UserProfile.swift */ = {isa = PBXFileReference; lastKnownFileType = sourcecode.swift; path = UserProfile.swift; sourceTree = "<group>"; };
		4958E84A2ED6B66F00A11277 /* ProfileViewModel.swift */ = {isa = PBXFileReference; lastKnownFileType = sourcecode.swift; path = ProfileViewModel.swift; sourceTree = "<group>"; };
		4958E84C2ED6B66F00A11277 /* ProfileView.swift */ = {isa = PBXFileReference; lastKnownFileType = sourcecode.swift; path = ProfileView.swift; sourceTree = "<group>"; };
		4958E84F2ED6B66F00A11277 /* SearchResult.swift */ = {isa = PBXFileReference; lastKnownFileType = sourcecode.swift; path = SearchResult.swift; sourceTree = "<group>"; };
		4958E8512ED6B66F00A11277 /* SearchViewModel.swift */ = {isa = PBXFileReference; lastKnownFileType = sourcecode.swift; path = SearchViewModel.swift; sourceTree = "<group>"; };
		4958E8532ED6B66F00A11277 /* SearchView.swift */ = {isa = PBXFileReference; lastKnownFileType = sourcecode.swift; path = SearchView.swift; sourceTree = "<group>"; };
		4958E8562ED6B66F00A11277 /* SettingsOption.swift */ = {isa = PBXFileReference; lastKnownFileType = sourcecode.swift; path = SettingsOption.swift; sourceTree = "<group>"; };
		4958E8582ED6B66F00A11277 /* SettingsViewModel.swift */ = {isa = PBXFileReference; lastKnownFileType = sourcecode.swift; path = SettingsViewModel.swift; sourceTree = "<group>"; };
		4958E85A2ED6B66F00A11277 /* SettingsView.swift */ = {isa = PBXFileReference; lastKnownFileType = sourcecode.swift; path = SettingsView.swift; sourceTree = "<group>"; };
		4958E85D2ED6B66F00A11277 /* .gitkeep */ = {isa = PBXFileReference; lastKnownFileType = text; path = .gitkeep; sourceTree = "<group>"; };
		4958E85E2ED6B66F00A11277 /* README.md */ = {isa = PBXFileReference; lastKnownFileType = net.daringfireball.markdown; path = README.md; sourceTree = "<group>"; };
/* End PBXFileReference section */

/* Begin PBXFileSystemSynchronizedRootGroup section */
		4958E7052ED6AA3F00A11277 /* Psychosis */ = {
			isa = PBXFileSystemSynchronizedRootGroup;
			path = Psychosis;
			sourceTree = "<group>";
		};
		4958E7132ED6AA4200A11277 /* PsychosisTests */ = {
			isa = PBXFileSystemSynchronizedRootGroup;
			path = PsychosisTests;
			sourceTree = "<group>";
		};
		4958E71D2ED6AA4200A11277 /* PsychosisUITests */ = {
			isa = PBXFileSystemSynchronizedRootGroup;
			path = PsychosisUITests;
			sourceTree = "<group>";
		};
/* End PBXFileSystemSynchronizedRootGroup section */

/* Begin PBXFrameworksBuildPhase section */
		4958E7002ED6AA3F00A11277 /* Frameworks */ = {
			isa = PBXFrameworksBuildPhase;
			buildActionMask = 2147483647;
			files = (
			);
			runOnlyForDeploymentPostprocessing = 0;
		};
		4958E70D2ED6AA4200A11277 /* Frameworks */ = {
			isa = PBXFrameworksBuildPhase;
			buildActionMask = 2147483647;
			files = (
			);
			runOnlyForDeploymentPostprocessing = 0;
		};
		4958E7172ED6AA4200A11277 /* Frameworks */ = {
			isa = PBXFrameworksBuildPhase;
			buildActionMask = 2147483647;
			files = (
			);
			runOnlyForDeploymentPostprocessing = 0;
		};
/* End PBXFrameworksBuildPhase section */

/* Begin PBXGroup section */
		4958E6FA2ED6AA3F00A11277 = {
			isa = PBXGroup;
			children = (
				4958E85F2ED6B66F00A11277 /* Features */,
				4958E7332ED6AD9500A11277 /* AppTheme.swift */,
				4958E7312ED6AD7B00A11277 /* Constants.swift */,
				4958E72F2ED6AD5900A11277 /* StorageManager.swift */,
				4958E72D2ED6AD4000A11277 /* APIClient.swift */,
				4958E7052ED6AA3F00A11277 /* Psychosis */,
				4958E7132ED6AA4200A11277 /* PsychosisTests */,
				4958E71D2ED6AA4200A11277 /* PsychosisUITests */,
				4958E7042ED6AA3F00A11277 /* Products */,
			);
			sourceTree = "<group>";
		};
		4958E7042ED6AA3F00A11277 /* Products */ = {
			isa = PBXGroup;
			children = (
				4958E7032ED6AA3F00A11277 /* Psychosis.app */,
				4958E7102ED6AA4200A11277 /* PsychosisTests.xctest */,
				4958E71A2ED6AA4200A11277 /* PsychosisUITests.xctest */,
			);
			name = Products;
			sourceTree = "<group>";
		};
		4958E8232ED6B66F00A11277 /* Models */ = {
			isa = PBXGroup;
			children = (
				4958E8222ED6B66F00A11277 /* DetailItem.swift */,
			);
			path = Models;
			sourceTree = "<group>";
		};
		4958E8252ED6B66F00A11277 /* ViewModels */ = {
			isa = PBXGroup;
			children = (
				4958E8242ED6B66F00A11277 /* DetailViewModel.swift */,
			);
			path = ViewModels;
			sourceTree = "<group>";
		};
		4958E8272ED6B66F00A11277 /* Views */ = {
			isa = PBXGroup;
			children = (
				4958E8262ED6B66F00A11277 /* DetailView.swift */,
			);
			path = Views;
			sourceTree = "<group>";
		};
		4958E8282ED6B66F00A11277 /* Detail */ = {
			isa = PBXGroup;
			children = (
				4958E8232ED6B66F00A11277 /* Models */,
				4958E8252ED6B66F00A11277 /* ViewModels */,
				4958E8272ED6B66F00A11277 /* Views */,
			);
			path = Detail;
			sourceTree = "<group>";
		};
		4958E82A2ED6B66F00A11277 /* Models */ = {
			isa = PBXGroup;
			children = (
				4958E8292ED6B66F00A11277 /* FavoriteItem.swift */,
			);
			path = Models;
			sourceTree = "<group>";
		};
		4958E82C2ED6B66F00A11277 /* ViewModels */ = {
			isa = PBXGroup;
			children = (
				4958E82B2ED6B66F00A11277 /* FavoritesViewModel.swift */,
			);
			path = ViewModels;
			sourceTree = "<group>";
		};
		4958E82E2ED6B66F00A11277 /* Views */ = {
			isa = PBXGroup;
			children = (
				4958E82D2ED6B66F00A11277 /* FavoritesView.swift */,
			);
			path = Views;
			sourceTree = "<group>";
		};
		4958E82F2ED6B66F00A11277 /* Favorites */ = {
			isa = PBXGroup;
			children = (
				4958E82A2ED6B66F00A11277 /* Models */,
				4958E82C2ED6B66F00A11277 /* ViewModels */,
				4958E82E2ED6B66F00A11277 /* Views */,
			);
			path = Favorites;
			sourceTree = "<group>";
		};
		4958E8312ED6B66F00A11277 /* Models */ = {
			isa = PBXGroup;
			children = (
				4958E8302ED6B66F00A11277 /* HistoryItem.swift */,
			);
			path = Models;
			sourceTree = "<group>";
		};
		4958E8332ED6B66F00A11277 /* ViewModels */ = {
			isa = PBXGroup;
			children = (
				4958E8322ED6B66F00A11277 /* HistoryViewModel.swift */,
			);
			path = ViewModels;
			sourceTree = "<group>";
		};
		4958E8352ED6B66F00A11277 /* Views */ = {
			isa = PBXGroup;
			children = (
				4958E8342ED6B66F00A11277 /* HistoryView.swift */,
			);
			path = Views;
			sourceTree = "<group>";
		};
		4958E8362ED6B66F00A11277 /* History */ = {
			isa = PBXGroup;
			children = (
				4958E8312ED6B66F00A11277 /* Models */,
				4958E8332ED6B66F00A11277 /* ViewModels */,
				4958E8352ED6B66F00A11277 /* Views */,
			);
			path = History;
			sourceTree = "<group>";
		};
		4958E8382ED6B66F00A11277 /* Models */ = {
			isa = PBXGroup;
			children = (
				4958E8372ED6B66F00A11277 /* HomeItem.swift */,
			);
			path = Models;
			sourceTree = "<group>";
		};
		4958E8392ED6B66F00A11277 /* Services */ = {
			isa = PBXGroup;
			children = (
			);
			path = Services;
			sourceTree = "<group>";
		};
		4958E83B2ED6B66F00A11277 /* ViewModels */ = {
			isa = PBXGroup;
			children = (
				4958E83A2ED6B66F00A11277 /* HomeViewModel.swift */,
			);
			path = ViewModels;
			sourceTree = "<group>";
		};
		4958E83E2ED6B66F00A11277 /* Views */ = {
			isa = PBXGroup;
			children = (
				4958E83C2ED6B66F00A11277 /* HomeView.swift */,
				4958E83D2ED6B66F00A11277 /* MainTabView.swift */,
			);
			path = Views;
			sourceTree = "<group>";
		};
		4958E8402ED6B66F00A11277 /* Home */ = {
			isa = PBXGroup;
			children = (
				4958E8382ED6B66F00A11277 /* Models */,
				4958E8392ED6B66F00A11277 /* Services */,
				4958E83B2ED6B66F00A11277 /* ViewModels */,
				4958E83E2ED6B66F00A11277 /* Views */,
				4958E83F2ED6B66F00A11277 /* README.md */,
			);
			path = Home;
			sourceTree = "<group>";
		};
		4958E8422ED6B66F00A11277 /* Models */ = {
			isa = PBXGroup;
			children = (
				4958E8412ED6B66F00A11277 /* NotificationItem.swift */,
			);
			path = Models;
			sourceTree = "<group>";
		};
		4958E8442ED6B66F00A11277 /* ViewModels */ = {
			isa = PBXGroup;
			children = (
				4958E8432ED6B66F00A11277 /* NotificationsViewModel.swift */,
			);
			path = ViewModels;
			sourceTree = "<group>";
		};
		4958E8462ED6B66F00A11277 /* Views */ = {
			isa = PBXGroup;
			children = (
				4958E8452ED6B66F00A11277 /* NotificationsView.swift */,
			);
			path = Views;
			sourceTree = "<group>";
		};
		4958E8472ED6B66F00A11277 /* Notifications */ = {
			isa = PBXGroup;
			children = (
				4958E8422ED6B66F00A11277 /* Models */,
				4958E8442ED6B66F00A11277 /* ViewModels */,
				4958E8462ED6B66F00A11277 /* Views */,
			);
			path = Notifications;
			sourceTree = "<group>";
		};
		4958E8492ED6B66F00A11277 /* Models */ = {
			isa = PBXGroup;
			children = (
				4958E8482ED6B66F00A11277 /* UserProfile.swift */,
			);
			path = Models;
			sourceTree = "<group>";
		};
		4958E84B2ED6B66F00A11277 /* ViewModels */ = {
			isa = PBXGroup;
			children = (
				4958E84A2ED6B66F00A11277 /* ProfileViewModel.swift */,
			);
			path = ViewModels;
			sourceTree = "<group>";
		};
		4958E84D2ED6B66F00A11277 /* Views */ = {
			isa = PBXGroup;
			children = (
				4958E84C2ED6B66F00A11277 /* ProfileView.swift */,
			);
			path = Views;
			sourceTree = "<group>";
		};
		4958E84E2ED6B66F00A11277 /* Profile */ = {
			isa = PBXGroup;
			children = (
				4958E8492ED6B66F00A11277 /* Models */,
				4958E84B2ED6B66F00A11277 /* ViewModels */,
				4958E84D2ED6B66F00A11277 /* Views */,
			);
			path = Profile;
			sourceTree = "<group>";
		};
		4958E8502ED6B66F00A11277 /* Models */ = {
			isa = PBXGroup;
			children = (
				4958E84F2ED6B66F00A11277 /* SearchResult.swift */,
			);
			path = Models;
			sourceTree = "<group>";
		};
		4958E8522ED6B66F00A11277 /* ViewModels */ = {
			isa = PBXGroup;
			children = (
				4958E8512ED6B66F00A11277 /* SearchViewModel.swift */,
			);
			path = ViewModels;
			sourceTree = "<group>";
		};
		4958E8542ED6B66F00A11277 /* Views */ = {
			isa = PBXGroup;
			children = (
				4958E8532ED6B66F00A11277 /* SearchView.swift */,
			);
			path = Views;
			sourceTree = "<group>";
		};
		4958E8552ED6B66F00A11277 /* Search */ = {
			isa = PBXGroup;
			children = (
				4958E8502ED6B66F00A11277 /* Models */,
				4958E8522ED6B66F00A11277 /* ViewModels */,
				4958E8542ED6B66F00A11277 /* Views */,
			);
			path = Search;
			sourceTree = "<group>";
		};
		4958E8572ED6B66F00A11277 /* Models */ = {
			isa = PBXGroup;
			children = (
				4958E8562ED6B66F00A11277 /* SettingsOption.swift */,
			);
			path = Models;
			sourceTree = "<group>";
		};
		4958E8592ED6B66F00A11277 /* ViewModels */ = {
			isa = PBXGroup;
			children = (
				4958E8582ED6B66F00A11277 /* SettingsViewModel.swift */,
			);
			path = ViewModels;
			sourceTree = "<group>";
		};
		4958E85B2ED6B66F00A11277 /* Views */ = {
			isa = PBXGroup;
			children = (
				4958E85A2ED6B66F00A11277 /* SettingsView.swift */,
			);
			path = Views;
			sourceTree = "<group>";
		};
		4958E85C2ED6B66F00A11277 /* Settings */ = {
			isa = PBXGroup;
			children = (
				4958E8572ED6B66F00A11277 /* Models */,
				4958E8592ED6B66F00A11277 /* ViewModels */,
				4958E85B2ED6B66F00A11277 /* Views */,
			);
			path = Settings;
			sourceTree = "<group>";
		};
		4958E85F2ED6B66F00A11277 /* Features */ = {
			isa = PBXGroup;
			children = (
				4958E8282ED6B66F00A11277 /* Detail */,
				4958E82F2ED6B66F00A11277 /* Favorites */,
				4958E8362ED6B66F00A11277 /* History */,
				4958E8402ED6B66F00A11277 /* Home */,
				4958E8472ED6B66F00A11277 /* Notifications */,
				4958E84E2ED6B66F00A11277 /* Profile */,
				4958E8552ED6B66F00A11277 /* Search */,
				4958E85C2ED6B66F00A11277 /* Settings */,
				4958E85D2ED6B66F00A11277 /* .gitkeep */,
				4958E85E2ED6B66F00A11277 /* README.md */,
			);
			path = Features;
			sourceTree = "<group>";
		};
/* End PBXGroup section */

/* Begin PBXNativeTarget section */
		4958E7022ED6AA3F00A11277 /* Psychosis */ = {
			isa = PBXNativeTarget;
			buildConfigurationList = 4958E7242ED6AA4200A11277 /* Build configuration list for PBXNativeTarget "Psychosis" */;
			buildPhases = (
				4958E6FF2ED6AA3F00A11277 /* Sources */,
				4958E7002ED6AA3F00A11277 /* Frameworks */,
				4958E7012ED6AA3F00A11277 /* Resources */,
			);
			buildRules = (
			);
			dependencies = (
			);
			fileSystemSynchronizedGroups = (
				4958E7052ED6AA3F00A11277 /* Psychosis */,
			);
			name = Psychosis;
			packageProductDependencies = (
			);
			productName = Psychosis;
			productReference = 4958E7032ED6AA3F00A11277 /* Psychosis.app */;
			productType = "com.apple.product-type.application";
		};
		4958E70F2ED6AA4200A11277 /* PsychosisTests */ = {
			isa = PBXNativeTarget;
			buildConfigurationList = 4958E7272ED6AA4200A11277 /* Build configuration list for PBXNativeTarget "PsychosisTests" */;
			buildPhases = (
				4958E70C2ED6AA4200A11277 /* Sources */,
				4958E70D2ED6AA4200A11277 /* Frameworks */,
				4958E70E2ED6AA4200A11277 /* Resources */,
			);
			buildRules = (
			);
			dependencies = (
				4958E7122ED6AA4200A11277 /* PBXTargetDependency */,
			);
			fileSystemSynchronizedGroups = (
				4958E7132ED6AA4200A11277 /* PsychosisTests */,
			);
			name = PsychosisTests;
			packageProductDependencies = (
			);
			productName = PsychosisTests;
			productReference = 4958E7102ED6AA4200A11277 /* PsychosisTests.xctest */;
			productType = "com.apple.product-type.bundle.unit-test";
		};
		4958E7192ED6AA4200A11277 /* PsychosisUITests */ = {
			isa = PBXNativeTarget;
			buildConfigurationList = 4958E72A2ED6AA4200A11277 /* Build configuration list for PBXNativeTarget "PsychosisUITests" */;
			buildPhases = (
				4958E7162ED6AA4200A11277 /* Sources */,
				4958E7172ED6AA4200A11277 /* Frameworks */,
				4958E7182ED6AA4200A11277 /* Resources */,
			);
			buildRules = (
			);
			dependencies = (
				4958E71C2ED6AA4200A11277 /* PBXTargetDependency */,
			);
			fileSystemSynchronizedGroups = (
				4958E71D2ED6AA4200A11277 /* PsychosisUITests */,
			);
			name = PsychosisUITests;
			packageProductDependencies = (
			);
			productName = PsychosisUITests;
			productReference = 4958E71A2ED6AA4200A11277 /* PsychosisUITests.xctest */;
			productType = "com.apple.product-type.bundle.ui-testing";
		};
/* End PBXNativeTarget section */

/* Begin PBXProject section */
		4958E6FB2ED6AA3F00A11277 /* Project object */ = {
			isa = PBXProject;
			attributes = {
				BuildIndependentTargetsInParallel = 1;
				LastSwiftUpdateCheck = 1640;
				LastUpgradeCheck = 1640;
				TargetAttributes = {
					4958E7022ED6AA3F00A11277 = {
						CreatedOnToolsVersion = 16.4;
					};
					4958E70F2ED6AA4200A11277 = {
						CreatedOnToolsVersion = 16.4;
						TestTargetID = 4958E7022ED6AA3F00A11277;
					};
					4958E7192ED6AA4200A11277 = {
						CreatedOnToolsVersion = 16.4;
						TestTargetID = 4958E7022ED6AA3F00A11277;
					};
				};
			};
			buildConfigurationList = 4958E6FE2ED6AA3F00A11277 /* Build configuration list for PBXProject "Psychosis" */;
			developmentRegion = en;
			hasScannedForEncodings = 0;
			knownRegions = (
				en,
				Base,
			);
			mainGroup = 4958E6FA2ED6AA3F00A11277;
			minimizedProjectReferenceProxies = 1;
			preferredProjectObjectVersion = 77;
			productRefGroup = 4958E7042ED6AA3F00A11277 /* Products */;
			projectDirPath = "";
			projectRoot = "";
			targets = (
				4958E7022ED6AA3F00A11277 /* Psychosis */,
				4958E70F2ED6AA4200A11277 /* PsychosisTests */,
				4958E7192ED6AA4200A11277 /* PsychosisUITests */,
			);
		};
/* End PBXProject section */

/* Begin PBXResourcesBuildPhase section */
		4958E7012ED6AA3F00A11277 /* Resources */ = {
			isa = PBXResourcesBuildPhase;
			buildActionMask = 2147483647;
			files = (
				4958E8792ED6B66F00A11277 /* .gitkeep in Resources */,
			);
			runOnlyForDeploymentPostprocessing = 0;
		};
		4958E70E2ED6AA4200A11277 /* Resources */ = {
			isa = PBXResourcesBuildPhase;
			buildActionMask = 2147483647;
			files = (
			);
			runOnlyForDeploymentPostprocessing = 0;
		};
		4958E7182ED6AA4200A11277 /* Resources */ = {
			isa = PBXResourcesBuildPhase;
			buildActionMask = 2147483647;
			files = (
			);
			runOnlyForDeploymentPostprocessing = 0;
		};
/* End PBXResourcesBuildPhase section */

/* Begin PBXSourcesBuildPhase section */
		4958E6FF2ED6AA3F00A11277 /* Sources */ = {
			isa = PBXSourcesBuildPhase;
			buildActionMask = 2147483647;
			files = (
				4958E7322ED6AD7B00A11277 /* Constants.swift in Sources */,
				4958E7342ED6AD9500A11277 /* AppTheme.swift in Sources */,
				4958E8602ED6B66F00A11277 /* HomeView.swift in Sources */,
				4958E8612ED6B66F00A11277 /* SearchView.swift in Sources */,
				4958E8622ED6B66F00A11277 /* SettingsViewModel.swift in Sources */,
				4958E8632ED6B66F00A11277 /* SearchViewModel.swift in Sources */,
				4958E8642ED6B66F00A11277 /* NotificationsView.swift in Sources */,
				4958E8652ED6B66F00A11277 /* ProfileView.swift in Sources */,
				4958E8662ED6B66F00A11277 /* HomeViewModel.swift in Sources */,
				4958E8672ED6B66F00A11277 /* FavoritesViewModel.swift in Sources */,
				4958E8682ED6B66F00A11277 /* DetailView.swift in Sources */,
				4958E8692ED6B66F00A11277 /* SearchResult.swift in Sources */,
				4958E86A2ED6B66F00A11277 /* FavoritesView.swift in Sources */,
				4958E86B2ED6B66F00A11277 /* HistoryItem.swift in Sources */,
				4958E86C2ED6B66F00A11277 /* UserProfile.swift in Sources */,
				4958E86D2ED6B66F00A11277 /* HomeItem.swift in Sources */,
				4958E86E2ED6B66F00A11277 /* SettingsView.swift in Sources */,
				4958E86F2ED6B66F00A11277 /* FavoriteItem.swift in Sources */,
				4958E8702ED6B66F00A11277 /* SettingsOption.swift in Sources */,
				4958E8712ED6B66F00A11277 /* HistoryViewModel.swift in Sources */,
				4958E8722ED6B66F00A11277 /* MainTabView.swift in Sources */,
				4958E8732ED6B66F00A11277 /* ProfileViewModel.swift in Sources */,
				4958E8742ED6B66F00A11277 /* DetailItem.swift in Sources */,
				4958E8752ED6B66F00A11277 /* HistoryView.swift in Sources */,
				4958E8762ED6B66F00A11277 /* NotificationItem.swift in Sources */,
				4958E8772ED6B66F00A11277 /* NotificationsViewModel.swift in Sources */,
				4958E8782ED6B66F00A11277 /* DetailViewModel.swift in Sources */,
				4958E72E2ED6AD4100A11277 /* APIClient.swift in Sources */,
				4958E7302ED6AD5900A11277 /* StorageManager.swift in Sources */,
			);
			runOnlyForDeploymentPostprocessing = 0;
		};
		4958E70C2ED6AA4200A11277 /* Sources */ = {
			isa = PBXSourcesBuildPhase;
			buildActionMask = 2147483647;
			files = (
			);
			runOnlyForDeploymentPostprocessing = 0;
		};
		4958E7162ED6AA4200A11277 /* Sources */ = {
			isa = PBXSourcesBuildPhase;
			buildActionMask = 2147483647;
			files = (
			);
			runOnlyForDeploymentPostprocessing = 0;
		};
/* End PBXSourcesBuildPhase section */

/* Begin PBXTargetDependency section */
		4958E7122ED6AA4200A11277 /* PBXTargetDependency */ = {
			isa = PBXTargetDependency;
			target = 4958E7022ED6AA3F00A11277 /* Psychosis */;
			targetProxy = 4958E7112ED6AA4200A11277 /* PBXContainerItemProxy */;
		};
		4958E71C2ED6AA4200A11277 /* PBXTargetDependency */ = {
			isa = PBXTargetDependency;
			target = 4958E7022ED6AA3F00A11277 /* Psychosis */;
			targetProxy = 4958E71B2ED6AA4200A11277 /* PBXContainerItemProxy */;
		};
/* End PBXTargetDependency section */

/* Begin XCBuildConfiguration section */
		4958E7222ED6AA4200A11277 /* Debug */ = {
			isa = XCBuildConfiguration;
			buildSettings = {
				ALWAYS_SEARCH_USER_PATHS = NO;
				ASSETCATALOG_COMPILER_GENERATE_SWIFT_ASSET_SYMBOL_EXTENSIONS = YES;
				CLANG_ANALYZER_NONNULL = YES;
				CLANG_ANALYZER_NUMBER_OBJECT_CONVERSION = YES_AGGRESSIVE;
				CLANG_CXX_LANGUAGE_STANDARD = "gnu++20";
				CLANG_ENABLE_MODULES = YES;
				CLANG_ENABLE_OBJC_ARC = YES;
				CLANG_ENABLE_OBJC_WEAK = YES;
				CLANG_WARN_BLOCK_CAPTURE_AUTORELEASING = YES;
				CLANG_WARN_BOOL_CONVERSION = YES;
				CLANG_WARN_COMMA = YES;
				CLANG_WARN_CONSTANT_CONVERSION = YES;
				CLANG_WARN_DEPRECATED_OBJC_IMPLEMENTATIONS = YES;
				CLANG_WARN_DIRECT_OBJC_ISA_USAGE = YES_ERROR;
				CLANG_WARN_DOCUMENTATION_COMMENTS = YES;
				CLANG_WARN_EMPTY_BODY = YES;
				CLANG_WARN_ENUM_CONVERSION = YES;
				CLANG_WARN_INFINITE_RECURSION = YES;
				CLANG_WARN_INT_CONVERSION = YES;
				CLANG_WARN_NON_LITERAL_NULL_CONVERSION = YES;
				CLANG_WARN_OBJC_IMPLICIT_RETAIN_SELF = YES;
				CLANG_WARN_OBJC_LITERAL_CONVERSION = YES;
				CLANG_WARN_OBJC_ROOT_CLASS = YES_ERROR;
				CLANG_WARN_QUOTED_INCLUDE_IN_FRAMEWORK_HEADER = YES;
				CLANG_WARN_RANGE_LOOP_ANALYSIS = YES;
				CLANG_WARN_STRICT_PROTOTYPES = YES;
				CLANG_WARN_SUSPICIOUS_MOVE = YES;
				CLANG_WARN_UNGUARDED_AVAILABILITY = YES_AGGRESSIVE;
				CLANG_WARN_UNREACHABLE_CODE = YES;
				CLANG_WARN__DUPLICATE_METHOD_MATCH = YES;
				COPY_PHASE_STRIP = NO;
				DEBUG_INFORMATION_FORMAT = dwarf;
				DEVELOPMENT_TEAM = FH4FKB9AUS;
				ENABLE_STRICT_OBJC_MSGSEND = YES;
				ENABLE_TESTABILITY = YES;
				ENABLE_USER_SCRIPT_SANDBOXING = YES;
				GCC_C_LANGUAGE_STANDARD = gnu17;
				GCC_DYNAMIC_NO_PIC = NO;
				GCC_NO_COMMON_BLOCKS = YES;
				GCC_OPTIMIZATION_LEVEL = 0;
				GCC_PREPROCESSOR_DEFINITIONS = (
					"DEBUG=1",
					"$(inherited)",
				);
				GCC_WARN_64_TO_32_BIT_CONVERSION = YES;
				GCC_WARN_ABOUT_RETURN_TYPE = YES_ERROR;
				GCC_WARN_UNDECLARED_SELECTOR = YES;
				GCC_WARN_UNINITIALIZED_AUTOS = YES_AGGRESSIVE;
				GCC_WARN_UNUSED_FUNCTION = YES;
				GCC_WARN_UNUSED_VARIABLE = YES;
				IPHONEOS_DEPLOYMENT_TARGET = 18.5;
				LOCALIZATION_PREFERS_STRING_CATALOGS = YES;
				MTL_ENABLE_DEBUG_INFO = INCLUDE_SOURCE;
				MTL_FAST_MATH = YES;
				ONLY_ACTIVE_ARCH = YES;
				SDKROOT = iphoneos;
				SWIFT_ACTIVE_COMPILATION_CONDITIONS = "DEBUG $(inherited)";
				SWIFT_OPTIMIZATION_LEVEL = "-Onone";
			};
			name = Debug;
		};
		4958E7232ED6AA4200A11277 /* Release */ = {
			isa = XCBuildConfiguration;
			buildSettings = {
				ALWAYS_SEARCH_USER_PATHS = NO;
				ASSETCATALOG_COMPILER_GENERATE_SWIFT_ASSET_SYMBOL_EXTENSIONS = YES;
				CLANG_ANALYZER_NONNULL = YES;
				CLANG_ANALYZER_NUMBER_OBJECT_CONVERSION = YES_AGGRESSIVE;
				CLANG_CXX_LANGUAGE_STANDARD = "gnu++20";
				CLANG_ENABLE_MODULES = YES;
				CLANG_ENABLE_OBJC_ARC = YES;
				CLANG_ENABLE_OBJC_WEAK = YES;
				CLANG_WARN_BLOCK_CAPTURE_AUTORELEASING = YES;
				CLANG_WARN_BOOL_CONVERSION = YES;
				CLANG_WARN_COMMA = YES;
				CLANG_WARN_CONSTANT_CONVERSION = YES;
				CLANG_WARN_DEPRECATED_OBJC_IMPLEMENTATIONS = YES;
				CLANG_WARN_DIRECT_OBJC_ISA_USAGE = YES_ERROR;
				CLANG_WARN_DOCUMENTATION_COMMENTS = YES;
				CLANG_WARN_EMPTY_BODY = YES;
				CLANG_WARN_ENUM_CONVERSION = YES;
				CLANG_WARN_INFINITE_RECURSION = YES;
				CLANG_WARN_INT_CONVERSION = YES;
				CLANG_WARN_NON_LITERAL_NULL_CONVERSION = YES;
				CLANG_WARN_OBJC_IMPLICIT_RETAIN_SELF = YES;
				CLANG_WARN_OBJC_LITERAL_CONVERSION = YES;
				CLANG_WARN_OBJC_ROOT_CLASS = YES_ERROR;
				CLANG_WARN_QUOTED_INCLUDE_IN_FRAMEWORK_HEADER = YES;
				CLANG_WARN_RANGE_LOOP_ANALYSIS = YES;
				CLANG_WARN_STRICT_PROTOTYPES = YES;
				CLANG_WARN_SUSPICIOUS_MOVE = YES;
				CLANG_WARN_UNGUARDED_AVAILABILITY = YES_AGGRESSIVE;
				CLANG_WARN_UNREACHABLE_CODE = YES;
				CLANG_WARN__DUPLICATE_METHOD_MATCH = YES;
				COPY_PHASE_STRIP = NO;
				DEBUG_INFORMATION_FORMAT = "dwarf-with-dsym";
				DEVELOPMENT_TEAM = FH4FKB9AUS;
				ENABLE_NS_ASSERTIONS = NO;
				ENABLE_STRICT_OBJC_MSGSEND = YES;
				ENABLE_USER_SCRIPT_SANDBOXING = YES;
				GCC_C_LANGUAGE_STANDARD = gnu17;
				GCC_NO_COMMON_BLOCKS = YES;
				GCC_WARN_64_TO_32_BIT_CONVERSION = YES;
				GCC_WARN_ABOUT_RETURN_TYPE = YES_ERROR;
				GCC_WARN_UNDECLARED_SELECTOR = YES;
				GCC_WARN_UNINITIALIZED_AUTOS = YES_AGGRESSIVE;
				GCC_WARN_UNUSED_FUNCTION = YES;
				GCC_WARN_UNUSED_VARIABLE = YES;
				IPHONEOS_DEPLOYMENT_TARGET = 18.5;
				LOCALIZATION_PREFERS_STRING_CATALOGS = YES;
				MTL_ENABLE_DEBUG_INFO = NO;
				MTL_FAST_MATH = YES;
				SDKROOT = iphoneos;
				SWIFT_COMPILATION_MODE = wholemodule;
				VALIDATE_PRODUCT = YES;
			};
			name = Release;
		};
		4958E7252ED6AA4200A11277 /* Debug */ = {
			isa = XCBuildConfiguration;
			buildSettings = {
				ASSETCATALOG_COMPILER_APPICON_NAME = AppIcon;
				ASSETCATALOG_COMPILER_GLOBAL_ACCENT_COLOR_NAME = AccentColor;
				CODE_SIGN_STYLE = Automatic;
				CURRENT_PROJECT_VERSION = 1;
				DEVELOPMENT_TEAM = FH4FKB9AUS;
				ENABLE_PREVIEWS = YES;
				GENERATE_INFOPLIST_FILE = YES;
				INFOPLIST_KEY_UIApplicationSceneManifest_Generation = YES;
				INFOPLIST_KEY_UIApplicationSupportsIndirectInputEvents = YES;
				INFOPLIST_KEY_UILaunchScreen_Generation = YES;
				INFOPLIST_KEY_UISupportedInterfaceOrientations_iPad = "UIInterfaceOrientationPortrait UIInterfaceOrientationPortraitUpsideDown UIInterfaceOrientationLandscapeLeft UIInterfaceOrientationLandscapeRight";
				INFOPLIST_KEY_UISupportedInterfaceOrientations_iPhone = "UIInterfaceOrientationPortrait UIInterfaceOrientationLandscapeLeft UIInterfaceOrientationLandscapeRight";
				LD_RUNPATH_SEARCH_PATHS = (
					"$(inherited)",
					"@executable_path/Frameworks",
				);
				MARKETING_VERSION = 1.0;
				PRODUCT_BUNDLE_IDENTIFIER = "FS-Tech.Psychosis";
				PRODUCT_NAME = "$(TARGET_NAME)";
				SWIFT_EMIT_LOC_STRINGS = YES;
				SWIFT_VERSION = 5.0;
				TARGETED_DEVICE_FAMILY = "1,2";
			};
			name = Debug;
		};
		4958E7262ED6AA4200A11277 /* Release */ = {
			isa = XCBuildConfiguration;
			buildSettings = {
				ASSETCATALOG_COMPILER_APPICON_NAME = AppIcon;
				ASSETCATALOG_COMPILER_GLOBAL_ACCENT_COLOR_NAME = AccentColor;
				CODE_SIGN_STYLE = Automatic;
				CURRENT_PROJECT_VERSION = 1;
				DEVELOPMENT_TEAM = FH4FKB9AUS;
				ENABLE_PREVIEWS = YES;
				GENERATE_INFOPLIST_FILE = YES;
				INFOPLIST_KEY_UIApplicationSceneManifest_Generation = YES;
				INFOPLIST_KEY_UIApplicationSupportsIndirectInputEvents = YES;
				INFOPLIST_KEY_UILaunchScreen_Generation = YES;
				INFOPLIST_KEY_UISupportedInterfaceOrientations_iPad = "UIInterfaceOrientationPortrait UIInterfaceOrientationPortraitUpsideDown UIInterfaceOrientationLandscapeLeft UIInterfaceOrientationLandscapeRight";
				INFOPLIST_KEY_UISupportedInterfaceOrientations_iPhone = "UIInterfaceOrientationPortrait UIInterfaceOrientationLandscapeLeft UIInterfaceOrientationLandscapeRight";
				LD_RUNPATH_SEARCH_PATHS = (
					"$(inherited)",
					"@executable_path/Frameworks",
				);
				MARKETING_VERSION = 1.0;
				PRODUCT_BUNDLE_IDENTIFIER = "FS-Tech.Psychosis";
				PRODUCT_NAME = "$(TARGET_NAME)";
				SWIFT_EMIT_LOC_STRINGS = YES;
				SWIFT_VERSION = 5.0;
				TARGETED_DEVICE_FAMILY = "1,2";
			};
			name = Release;
		};
		4958E7282ED6AA4200A11277 /* Debug */ = {
			isa = XCBuildConfiguration;
			buildSettings = {
				BUNDLE_LOADER = "$(TEST_HOST)";
				CODE_SIGN_STYLE = Automatic;
				CURRENT_PROJECT_VERSION = 1;
				DEVELOPMENT_TEAM = FH4FKB9AUS;
				GENERATE_INFOPLIST_FILE = YES;
				IPHONEOS_DEPLOYMENT_TARGET = 18.5;
				MARKETING_VERSION = 1.0;
				PRODUCT_BUNDLE_IDENTIFIER = "FS-Tech.PsychosisTests";
				PRODUCT_NAME = "$(TARGET_NAME)";
				SWIFT_EMIT_LOC_STRINGS = NO;
				SWIFT_VERSION = 5.0;
				TARGETED_DEVICE_FAMILY = "1,2";
				TEST_HOST = "$(BUILT_PRODUCTS_DIR)/Psychosis.app/$(BUNDLE_EXECUTABLE_FOLDER_PATH)/Psychosis";
			};
			name = Debug;
		};
		4958E7292ED6AA4200A11277 /* Release */ = {
			isa = XCBuildConfiguration;
			buildSettings = {
				BUNDLE_LOADER = "$(TEST_HOST)";
				CODE_SIGN_STYLE = Automatic;
				CURRENT_PROJECT_VERSION = 1;
				DEVELOPMENT_TEAM = FH4FKB9AUS;
				GENERATE_INFOPLIST_FILE = YES;
				IPHONEOS_DEPLOYMENT_TARGET = 18.5;
				MARKETING_VERSION = 1.0;
				PRODUCT_BUNDLE_IDENTIFIER = "FS-Tech.PsychosisTests";
				PRODUCT_NAME = "$(TARGET_NAME)";
				SWIFT_EMIT_LOC_STRINGS = NO;
				SWIFT_VERSION = 5.0;
				TARGETED_DEVICE_FAMILY = "1,2";
				TEST_HOST = "$(BUILT_PRODUCTS_DIR)/Psychosis.app/$(BUNDLE_EXECUTABLE_FOLDER_PATH)/Psychosis";
			};
			name = Release;
		};
		4958E72B2ED6AA4200A11277 /* Debug */ = {
			isa = XCBuildConfiguration;
			buildSettings = {
				CODE_SIGN_STYLE = Automatic;
				CURRENT_PROJECT_VERSION = 1;
				DEVELOPMENT_TEAM = FH4FKB9AUS;
				GENERATE_INFOPLIST_FILE = YES;
				MARKETING_VERSION = 1.0;
				PRODUCT_BUNDLE_IDENTIFIER = "FS-Tech.PsychosisUITests";
				PRODUCT_NAME = "$(TARGET_NAME)";
				SWIFT_EMIT_LOC_STRINGS = NO;
				SWIFT_VERSION = 5.0;
				TARGETED_DEVICE_FAMILY = "1,2";
				TEST_TARGET_NAME = Psychosis;
			};
			name = Debug;
		};
		4958E72C2ED6AA4200A11277 /* Release */ = {
			isa = XCBuildConfiguration;
			buildSettings = {
				CODE_SIGN_STYLE = Automatic;
				CURRENT_PROJECT_VERSION = 1;
				DEVELOPMENT_TEAM = FH4FKB9AUS;
				GENERATE_INFOPLIST_FILE = YES;
				MARKETING_VERSION = 1.0;
				PRODUCT_BUNDLE_IDENTIFIER = "FS-Tech.PsychosisUITests";
				PRODUCT_NAME = "$(TARGET_NAME)";
				SWIFT_EMIT_LOC_STRINGS = NO;
				SWIFT_VERSION = 5.0;
				TARGETED_DEVICE_FAMILY = "1,2";
				TEST_TARGET_NAME = Psychosis;
			};
			name = Release;
		};
/* End XCBuildConfiguration section */

/* Begin XCConfigurationList section */
		4958E6FE2ED6AA3F00A11277 /* Build configuration list for PBXProject "Psychosis" */ = {
			isa = XCConfigurationList;
			buildConfigurations = (
				4958E7222ED6AA4200A11277 /* Debug */,
				4958E7232ED6AA4200A11277 /* Release */,
			);
			defaultConfigurationIsVisible = 0;
			defaultConfigurationName = Release;
		};
		4958E7242ED6AA4200A11277 /* Build configuration list for PBXNativeTarget "Psychosis" */ = {
			isa = XCConfigurationList;
			buildConfigurations = (
				4958E7252ED6AA4200A11277 /* Debug */,
				4958E7262ED6AA4200A11277 /* Release */,
			);
			defaultConfigurationIsVisible = 0;
			defaultConfigurationName = Release;
		};
		4958E7272ED6AA4200A11277 /* Build configuration list for PBXNativeTarget "PsychosisTests" */ = {
			isa = XCConfigurationList;
			buildConfigurations = (
				4958E7282ED6AA4200A11277 /* Debug */,
				4958E7292ED6AA4200A11277 /* Release */,
			);
			defaultConfigurationIsVisible = 0;
			defaultConfigurationName = Release;
		};
		4958E72A2ED6AA4200A11277 /* Build configuration list for PBXNativeTarget "PsychosisUITests" */ = {
			isa = XCConfigurationList;
			buildConfigurations = (
				4958E72B2ED6AA4200A11277 /* Debug */,
				4958E72C2ED6AA4200A11277 /* Release */,
			);
			defaultConfigurationIsVisible = 0;
			defaultConfigurationName = Release;
		};
/* End XCConfigurationList section */
	};
	rootObject = 4958E6FB2ED6AA3F00A11277 /* Project object */;
}
